// !$*UTF8*$!
{
	archiveVersion = 1;
	classes = {
	};
	objectVersion = 50;
	objects = {

/* Begin PBXBuildFile section */
		2C38413F235637B200F56257 /* EuropeFlags.swift in Sources */ = {isa = PBXBuildFile; fileRef = 2C38413E235637B200F56257 /* EuropeFlags.swift */; };
		2C38414323563BB400F56257 /* FlagsGameView.swift in Sources */ = {isa = PBXBuildFile; fileRef = 2C38414223563BB400F56257 /* FlagsGameView.swift */; };
		2C38414523563E2500F56257 /* AsiaFlags.swift in Sources */ = {isa = PBXBuildFile; fileRef = 2C38414423563E2500F56257 /* AsiaFlags.swift */; };
		2C384147235641A900F56257 /* AfricaFlags.swift in Sources */ = {isa = PBXBuildFile; fileRef = 2C384146235641A900F56257 /* AfricaFlags.swift */; };
		2C384169235765BB00F56257 /* AmericaFlags.swift in Sources */ = {isa = PBXBuildFile; fileRef = 2C384168235765BB00F56257 /* AmericaFlags.swift */; };
		2C556CBA236708480038F2D5 /* About.swift in Sources */ = {isa = PBXBuildFile; fileRef = 2C556CB9236708480038F2D5 /* About.swift */; };
		2C96E2C52358B7E600E5D154 /* WorldFlags.swift in Sources */ = {isa = PBXBuildFile; fileRef = 2C96E2C42358B7E600E5D154 /* WorldFlags.swift */; };
		2CB7C6F72352EC490068ADE2 /* AppDelegate.swift in Sources */ = {isa = PBXBuildFile; fileRef = 2CB7C6F62352EC490068ADE2 /* AppDelegate.swift */; };
		2CB7C6F92352EC490068ADE2 /* SceneDelegate.swift in Sources */ = {isa = PBXBuildFile; fileRef = 2CB7C6F82352EC490068ADE2 /* SceneDelegate.swift */; };
		2CB7C6FD2352EC4B0068ADE2 /* Assets.xcassets in Resources */ = {isa = PBXBuildFile; fileRef = 2CB7C6FC2352EC4B0068ADE2 /* Assets.xcassets */; };
		2CB7C7002352EC4B0068ADE2 /* Preview Assets.xcassets in Resources */ = {isa = PBXBuildFile; fileRef = 2CB7C6FF2352EC4B0068ADE2 /* Preview Assets.xcassets */; };
		2CB7C7032352EC4B0068ADE2 /* LaunchScreen.storyboard in Resources */ = {isa = PBXBuildFile; fileRef = 2CB7C7012352EC4B0068ADE2 /* LaunchScreen.storyboard */; };
		5A2690C22530A76000C4FC39 /* FlagStore.swift in Sources */ = {isa = PBXBuildFile; fileRef = 5A2690C12530A76000C4FC39 /* FlagStore.swift */; };
		5A2690C62530B03300C4FC39 /* ViewModifiers.swift in Sources */ = {isa = PBXBuildFile; fileRef = 5A2690C52530B03300C4FC39 /* ViewModifiers.swift */; };
		5A2CC62325C4C93A00525C9A /* AboutViewController.swift in Sources */ = {isa = PBXBuildFile; fileRef = 5A2CC62225C4C93A00525C9A /* AboutViewController.swift */; };
		5A2CC62925C4D01500525C9A /* UIViewControllerExtensions.swift in Sources */ = {isa = PBXBuildFile; fileRef = 5A2CC62825C4D01500525C9A /* UIViewControllerExtensions.swift */; };
		5ADC6638253AF223001E09B3 /* API.swift in Sources */ = {isa = PBXBuildFile; fileRef = 5ADC6637253AF223001E09B3 /* API.swift */; };
		5ADC663C253AF421001E09B3 /* HTTPMethod.swift in Sources */ = {isa = PBXBuildFile; fileRef = 5ADC663B253AF421001E09B3 /* HTTPMethod.swift */; };
		5ADC6640253AF53C001E09B3 /* Country.swift in Sources */ = {isa = PBXBuildFile; fileRef = 5ADC663F253AF53C001E09B3 /* Country.swift */; };
		5ADC6644253AF570001E09B3 /* Countries.swift in Sources */ = {isa = PBXBuildFile; fileRef = 5ADC6643253AF570001E09B3 /* Countries.swift */; };
		5ADC6648253AF7F7001E09B3 /* CountriesListViewController.swift in Sources */ = {isa = PBXBuildFile; fileRef = 5ADC6647253AF7F7001E09B3 /* CountriesListViewController.swift */; };
		5ADC664D253AF89B001E09B3 /* UIViewExtensions.swift in Sources */ = {isa = PBXBuildFile; fileRef = 5ADC664C253AF89B001E09B3 /* UIViewExtensions.swift */; };
		5ADC6651253AFAE4001E09B3 /* MainTabBarViewController.swift in Sources */ = {isa = PBXBuildFile; fileRef = 5ADC6650253AFAE4001E09B3 /* MainTabBarViewController.swift */; };
		5ADC665D253B26E4001E09B3 /* LivePreview.swift in Sources */ = {isa = PBXBuildFile; fileRef = 5ADC665C253B26E4001E09B3 /* LivePreview.swift */; };
/* End PBXBuildFile section */

/* Begin PBXFileReference section */
		2C38413E235637B200F56257 /* EuropeFlags.swift */ = {isa = PBXFileReference; lastKnownFileType = sourcecode.swift; path = EuropeFlags.swift; sourceTree = "<group>"; };
		2C38414223563BB400F56257 /* FlagsGameView.swift */ = {isa = PBXFileReference; lastKnownFileType = sourcecode.swift; path = FlagsGameView.swift; sourceTree = "<group>"; };
		2C38414423563E2500F56257 /* AsiaFlags.swift */ = {isa = PBXFileReference; lastKnownFileType = sourcecode.swift; path = AsiaFlags.swift; sourceTree = "<group>"; };
		2C384146235641A900F56257 /* AfricaFlags.swift */ = {isa = PBXFileReference; lastKnownFileType = sourcecode.swift; path = AfricaFlags.swift; sourceTree = "<group>"; };
		2C384168235765BB00F56257 /* AmericaFlags.swift */ = {isa = PBXFileReference; lastKnownFileType = sourcecode.swift; path = AmericaFlags.swift; sourceTree = "<group>"; };
		2C556CB9236708480038F2D5 /* About.swift */ = {isa = PBXFileReference; lastKnownFileType = sourcecode.swift; path = About.swift; sourceTree = "<group>"; };
		2C96E2C42358B7E600E5D154 /* WorldFlags.swift */ = {isa = PBXFileReference; lastKnownFileType = sourcecode.swift; path = WorldFlags.swift; sourceTree = "<group>"; };
		2CB7C6F32352EC490068ADE2 /* Master of Flags.app */ = {isa = PBXFileReference; explicitFileType = wrapper.application; includeInIndex = 0; path = "Master of Flags.app"; sourceTree = BUILT_PRODUCTS_DIR; };
		2CB7C6F62352EC490068ADE2 /* AppDelegate.swift */ = {isa = PBXFileReference; lastKnownFileType = sourcecode.swift; path = AppDelegate.swift; sourceTree = "<group>"; };
		2CB7C6F82352EC490068ADE2 /* SceneDelegate.swift */ = {isa = PBXFileReference; lastKnownFileType = sourcecode.swift; path = SceneDelegate.swift; sourceTree = "<group>"; };
		2CB7C6FC2352EC4B0068ADE2 /* Assets.xcassets */ = {isa = PBXFileReference; lastKnownFileType = folder.assetcatalog; path = Assets.xcassets; sourceTree = "<group>"; };
		2CB7C6FF2352EC4B0068ADE2 /* Preview Assets.xcassets */ = {isa = PBXFileReference; lastKnownFileType = folder.assetcatalog; path = "Preview Assets.xcassets"; sourceTree = "<group>"; };
		2CB7C7022352EC4B0068ADE2 /* Base */ = {isa = PBXFileReference; lastKnownFileType = file.storyboard; name = Base; path = Base.lproj/LaunchScreen.storyboard; sourceTree = "<group>"; };
		2CB7C7042352EC4B0068ADE2 /* Info.plist */ = {isa = PBXFileReference; lastKnownFileType = text.plist.xml; path = Info.plist; sourceTree = "<group>"; };
		5A2690C12530A76000C4FC39 /* FlagStore.swift */ = {isa = PBXFileReference; lastKnownFileType = sourcecode.swift; path = FlagStore.swift; sourceTree = "<group>"; };
		5A2690C52530B03300C4FC39 /* ViewModifiers.swift */ = {isa = PBXFileReference; lastKnownFileType = sourcecode.swift; path = ViewModifiers.swift; sourceTree = "<group>"; };
		5A2CC62225C4C93A00525C9A /* AboutViewController.swift */ = {isa = PBXFileReference; lastKnownFileType = sourcecode.swift; path = AboutViewController.swift; sourceTree = "<group>"; };
		5A2CC62625C4CCF300525C9A /* Configuration.storekit */ = {isa = PBXFileReference; lastKnownFileType = text; path = Configuration.storekit; sourceTree = "<group>"; };
		5A2CC62825C4D01500525C9A /* UIViewControllerExtensions.swift */ = {isa = PBXFileReference; lastKnownFileType = sourcecode.swift; path = UIViewControllerExtensions.swift; sourceTree = "<group>"; };
		5ADC6637253AF223001E09B3 /* API.swift */ = {isa = PBXFileReference; lastKnownFileType = sourcecode.swift; path = API.swift; sourceTree = "<group>"; };
		5ADC663B253AF421001E09B3 /* HTTPMethod.swift */ = {isa = PBXFileReference; lastKnownFileType = sourcecode.swift; path = HTTPMethod.swift; sourceTree = "<group>"; };
		5ADC663F253AF53C001E09B3 /* Country.swift */ = {isa = PBXFileReference; lastKnownFileType = sourcecode.swift; path = Country.swift; sourceTree = "<group>"; };
		5ADC6643253AF570001E09B3 /* Countries.swift */ = {isa = PBXFileReference; lastKnownFileType = sourcecode.swift; path = Countries.swift; sourceTree = "<group>"; };
		5ADC6647253AF7F7001E09B3 /* CountriesListViewController.swift */ = {isa = PBXFileReference; lastKnownFileType = sourcecode.swift; path = CountriesListViewController.swift; sourceTree = "<group>"; };
		5ADC664C253AF89B001E09B3 /* UIViewExtensions.swift */ = {isa = PBXFileReference; lastKnownFileType = sourcecode.swift; path = UIViewExtensions.swift; sourceTree = "<group>"; };
		5ADC6650253AFAE4001E09B3 /* MainTabBarViewController.swift */ = {isa = PBXFileReference; lastKnownFileType = sourcecode.swift; path = MainTabBarViewController.swift; sourceTree = "<group>"; };
		5ADC665C253B26E4001E09B3 /* LivePreview.swift */ = {isa = PBXFileReference; lastKnownFileType = sourcecode.swift; path = LivePreview.swift; sourceTree = "<group>"; };
/* End PBXFileReference section */

/* Begin PBXFrameworksBuildPhase section */
		2CB7C6F02352EC490068ADE2 /* Frameworks */ = {
			isa = PBXFrameworksBuildPhase;
			buildActionMask = 2147483647;
			files = (
			);
			runOnlyForDeploymentPostprocessing = 0;
		};
/* End PBXFrameworksBuildPhase section */

/* Begin PBXGroup section */
		2CB7C6EA2352EC490068ADE2 = {
			isa = PBXGroup;
			children = (
				2CB7C6F52352EC490068ADE2 /* GuessTheFlag */,
				2CB7C6F42352EC490068ADE2 /* Products */,
			);
			sourceTree = "<group>";
		};
		2CB7C6F42352EC490068ADE2 /* Products */ = {
			isa = PBXGroup;
			children = (
				2CB7C6F32352EC490068ADE2 /* Master of Flags.app */,
			);
			name = Products;
			sourceTree = "<group>";
		};
		2CB7C6F52352EC490068ADE2 /* GuessTheFlag */ = {
			isa = PBXGroup;
			children = (
				2CB7C6F62352EC490068ADE2 /* AppDelegate.swift */,
				2CB7C6F82352EC490068ADE2 /* SceneDelegate.swift */,
				5ADC6636253AF21B001E09B3 /* API */,
				5A2690BE2530A74C00C4FC39 /* Data */,
				5A2690C82530B38B00C4FC39 /* Views */,
				5ADC6646253AF7E7001E09B3 /* View Controllers */,
				5ADC664B253AF88B001E09B3 /* Extensions */,
				5A2CC62525C4CCD500525C9A /* Supporting Files */,
				2CB7C6FC2352EC4B0068ADE2 /* Assets.xcassets */,
				2CB7C7012352EC4B0068ADE2 /* LaunchScreen.storyboard */,
				2CB7C7042352EC4B0068ADE2 /* Info.plist */,
				2CB7C6FE2352EC4B0068ADE2 /* Preview Content */,
			);
			path = GuessTheFlag;
			sourceTree = "<group>";
		};
		2CB7C6FE2352EC4B0068ADE2 /* Preview Content */ = {
			isa = PBXGroup;
			children = (
				2CB7C6FF2352EC4B0068ADE2 /* Preview Assets.xcassets */,
			);
			path = "Preview Content";
			sourceTree = "<group>";
		};
		5A2690BE2530A74C00C4FC39 /* Data */ = {
			isa = PBXGroup;
			children = (
				5A2690C12530A76000C4FC39 /* FlagStore.swift */,
				5A2690C52530B03300C4FC39 /* ViewModifiers.swift */,
			);
			path = Data;
			sourceTree = "<group>";
		};
		5A2690C82530B38B00C4FC39 /* Views */ = {
			isa = PBXGroup;
			children = (
				2C556CB9236708480038F2D5 /* About.swift */,
				5A6E9EA12530E0510007C148 /* Flag Game */,
			);
			path = Views;
			sourceTree = "<group>";
		};
		5A2CC62525C4CCD500525C9A /* Supporting Files */ = {
			isa = PBXGroup;
			children = (
				5A2CC62625C4CCF300525C9A /* Configuration.storekit */,
			);
			path = "Supporting Files";
			sourceTree = "<group>";
		};
		5A6E9EA12530E0510007C148 /* Flag Game */ = {
			isa = PBXGroup;
			children = (
				2C38414223563BB400F56257 /* FlagsGameView.swift */,
				2C38413E235637B200F56257 /* EuropeFlags.swift */,
				2C38414423563E2500F56257 /* AsiaFlags.swift */,
				2C384146235641A900F56257 /* AfricaFlags.swift */,
				2C384168235765BB00F56257 /* AmericaFlags.swift */,
				2C96E2C42358B7E600E5D154 /* WorldFlags.swift */,
			);
			path = "Flag Game";
			sourceTree = "<group>";
		};
		5ADC6636253AF21B001E09B3 /* API */ = {
			isa = PBXGroup;
			children = (
				5ADC663E253AF536001E09B3 /* Models */,
				5ADC6637253AF223001E09B3 /* API.swift */,
				5ADC663B253AF421001E09B3 /* HTTPMethod.swift */,
				5ADC6643253AF570001E09B3 /* Countries.swift */,
			);
			path = API;
			sourceTree = "<group>";
		};
		5ADC663E253AF536001E09B3 /* Models */ = {
			isa = PBXGroup;
			children = (
				5ADC663F253AF53C001E09B3 /* Country.swift */,
			);
			path = Models;
			sourceTree = "<group>";
		};
		5ADC6646253AF7E7001E09B3 /* View Controllers */ = {
			isa = PBXGroup;
			children = (
				5ADC6647253AF7F7001E09B3 /* CountriesListViewController.swift */,
				5ADC6650253AFAE4001E09B3 /* MainTabBarViewController.swift */,
				5A2CC62225C4C93A00525C9A /* AboutViewController.swift */,
			);
			path = "View Controllers";
			sourceTree = "<group>";
		};
		5ADC664B253AF88B001E09B3 /* Extensions */ = {
			isa = PBXGroup;
			children = (
				5ADC664C253AF89B001E09B3 /* UIViewExtensions.swift */,
				5ADC665C253B26E4001E09B3 /* LivePreview.swift */,
				5A2CC62825C4D01500525C9A /* UIViewControllerExtensions.swift */,
			);
			path = Extensions;
			sourceTree = "<group>";
		};
/* End PBXGroup section */

/* Begin PBXNativeTarget section */
		2CB7C6F22352EC490068ADE2 /* GuessTheFlag */ = {
			isa = PBXNativeTarget;
			buildConfigurationList = 2CB7C7072352EC4B0068ADE2 /* Build configuration list for PBXNativeTarget "GuessTheFlag" */;
			buildPhases = (
				2CB7C6EF2352EC490068ADE2 /* Sources */,
				2CB7C6F02352EC490068ADE2 /* Frameworks */,
				2CB7C6F12352EC490068ADE2 /* Resources */,
				5A026E832530E62800572CEA /* Set Build Number */,
			);
			buildRules = (
			);
			dependencies = (
			);
			name = GuessTheFlag;
			productName = GuessTheFlag;
			productReference = 2CB7C6F32352EC490068ADE2 /* Master of Flags.app */;
			productType = "com.apple.product-type.application";
		};
/* End PBXNativeTarget section */

/* Begin PBXProject section */
		2CB7C6EB2352EC490068ADE2 /* Project object */ = {
			isa = PBXProject;
			attributes = {
				LastSwiftUpdateCheck = 1110;
				LastUpgradeCheck = 1200;
				ORGANIZATIONNAME = "Marcus Ziadé";
				TargetAttributes = {
					2CB7C6F22352EC490068ADE2 = {
						CreatedOnToolsVersion = 11.1;
					};
				};
			};
			buildConfigurationList = 2CB7C6EE2352EC490068ADE2 /* Build configuration list for PBXProject "GuessTheFlag" */;
			compatibilityVersion = "Xcode 9.3";
			developmentRegion = en;
			hasScannedForEncodings = 0;
			knownRegions = (
				en,
				Base,
			);
			mainGroup = 2CB7C6EA2352EC490068ADE2;
			productRefGroup = 2CB7C6F42352EC490068ADE2 /* Products */;
			projectDirPath = "";
			projectRoot = "";
			targets = (
				2CB7C6F22352EC490068ADE2 /* GuessTheFlag */,
			);
		};
/* End PBXProject section */

/* Begin PBXResourcesBuildPhase section */
		2CB7C6F12352EC490068ADE2 /* Resources */ = {
			isa = PBXResourcesBuildPhase;
			buildActionMask = 2147483647;
			files = (
				2CB7C7032352EC4B0068ADE2 /* LaunchScreen.storyboard in Resources */,
				2CB7C7002352EC4B0068ADE2 /* Preview Assets.xcassets in Resources */,
				2CB7C6FD2352EC4B0068ADE2 /* Assets.xcassets in Resources */,
			);
			runOnlyForDeploymentPostprocessing = 0;
		};
/* End PBXResourcesBuildPhase section */

/* Begin PBXShellScriptBuildPhase section */
		5A026E832530E62800572CEA /* Set Build Number */ = {
			isa = PBXShellScriptBuildPhase;
			buildActionMask = 2147483647;
			files = (
			);
			inputFileListPaths = (
			);
			inputPaths = (
			);
			name = "Set Build Number";
			outputFileListPaths = (
			);
			outputPaths = (
			);
			runOnlyForDeploymentPostprocessing = 0;
			shellPath = /bin/sh;
			shellScript = "git=`sh /etc/profile; which git`\nbundleVersion=`expr $(\"$git\" rev-list \"$(\"$git\" rev-list --max-parents=0 HEAD)..HEAD\" --count)`\n/usr/libexec/PlistBuddy -c \"Set :CFBundleVersion $bundleVersion\" \"${TARGET_BUILD_DIR}/${INFOPLIST_PATH}\"\n";
		};
/* End PBXShellScriptBuildPhase section */

/* Begin PBXSourcesBuildPhase section */
		2CB7C6EF2352EC490068ADE2 /* Sources */ = {
			isa = PBXSourcesBuildPhase;
			buildActionMask = 2147483647;
			files = (
				2CB7C6F72352EC490068ADE2 /* AppDelegate.swift in Sources */,
				5A2690C22530A76000C4FC39 /* FlagStore.swift in Sources */,
				5ADC664D253AF89B001E09B3 /* UIViewExtensions.swift in Sources */,
				5ADC663C253AF421001E09B3 /* HTTPMethod.swift in Sources */,
				2C38413F235637B200F56257 /* EuropeFlags.swift in Sources */,
				5ADC6648253AF7F7001E09B3 /* CountriesListViewController.swift in Sources */,
				2C96E2C52358B7E600E5D154 /* WorldFlags.swift in Sources */,
				2CB7C6F92352EC490068ADE2 /* SceneDelegate.swift in Sources */,
				5ADC6644253AF570001E09B3 /* Countries.swift in Sources */,
				2C384169235765BB00F56257 /* AmericaFlags.swift in Sources */,
				2C38414323563BB400F56257 /* FlagsGameView.swift in Sources */,
				5ADC6651253AFAE4001E09B3 /* MainTabBarViewController.swift in Sources */,
				2C556CBA236708480038F2D5 /* About.swift in Sources */,
				5A2CC62925C4D01500525C9A /* UIViewControllerExtensions.swift in Sources */,
				5ADC6638253AF223001E09B3 /* API.swift in Sources */,
				2C38414523563E2500F56257 /* AsiaFlags.swift in Sources */,
				5A2690C62530B03300C4FC39 /* ViewModifiers.swift in Sources */,
				5ADC6640253AF53C001E09B3 /* Country.swift in Sources */,
				5ADC665D253B26E4001E09B3 /* LivePreview.swift in Sources */,
				5A2CC62325C4C93A00525C9A /* AboutViewController.swift in Sources */,
				2C384147235641A900F56257 /* AfricaFlags.swift in Sources */,
			);
			runOnlyForDeploymentPostprocessing = 0;
		};
/* End PBXSourcesBuildPhase section */

/* Begin PBXVariantGroup section */
		2CB7C7012352EC4B0068ADE2 /* LaunchScreen.storyboard */ = {
			isa = PBXVariantGroup;
			children = (
				2CB7C7022352EC4B0068ADE2 /* Base */,
			);
			name = LaunchScreen.storyboard;
			sourceTree = "<group>";
		};
/* End PBXVariantGroup section */

/* Begin XCBuildConfiguration section */
		2CB7C7052352EC4B0068ADE2 /* Debug */ = {
			isa = XCBuildConfiguration;
			buildSettings = {
				ALWAYS_SEARCH_USER_PATHS = NO;
				CLANG_ANALYZER_NONNULL = YES;
				CLANG_ANALYZER_NUMBER_OBJECT_CONVERSION = YES_AGGRESSIVE;
				CLANG_CXX_LANGUAGE_STANDARD = "gnu++14";
				CLANG_CXX_LIBRARY = "libc++";
				CLANG_ENABLE_MODULES = YES;
				CLANG_ENABLE_OBJC_ARC = YES;
				CLANG_ENABLE_OBJC_WEAK = YES;
				CLANG_WARN_BLOCK_CAPTURE_AUTORELEASING = YES;
				CLANG_WARN_BOOL_CONVERSION = YES;
				CLANG_WARN_COMMA = YES;
				CLANG_WARN_CONSTANT_CONVERSION = YES;
				CLANG_WARN_DEPRECATED_OBJC_IMPLEMENTATIONS = YES;
				CLANG_WARN_DIRECT_OBJC_ISA_USAGE = YES_ERROR;
				CLANG_WARN_DOCUMENTATION_COMMENTS = YES;
				CLANG_WARN_EMPTY_BODY = YES;
				CLANG_WARN_ENUM_CONVERSION = YES;
				CLANG_WARN_INFINITE_RECURSION = YES;
				CLANG_WARN_INT_CONVERSION = YES;
				CLANG_WARN_NON_LITERAL_NULL_CONVERSION = YES;
				CLANG_WARN_OBJC_IMPLICIT_RETAIN_SELF = YES;
				CLANG_WARN_OBJC_LITERAL_CONVERSION = YES;
				CLANG_WARN_OBJC_ROOT_CLASS = YES_ERROR;
				CLANG_WARN_QUOTED_INCLUDE_IN_FRAMEWORK_HEADER = YES;
				CLANG_WARN_RANGE_LOOP_ANALYSIS = YES;
				CLANG_WARN_STRICT_PROTOTYPES = YES;
				CLANG_WARN_SUSPICIOUS_MOVE = YES;
				CLANG_WARN_UNGUARDED_AVAILABILITY = YES_AGGRESSIVE;
				CLANG_WARN_UNREACHABLE_CODE = YES;
				CLANG_WARN__DUPLICATE_METHOD_MATCH = YES;
				COPY_PHASE_STRIP = NO;
				DEBUG_INFORMATION_FORMAT = dwarf;
				ENABLE_STRICT_OBJC_MSGSEND = YES;
				ENABLE_TESTABILITY = YES;
				GCC_C_LANGUAGE_STANDARD = gnu11;
				GCC_DYNAMIC_NO_PIC = NO;
				GCC_NO_COMMON_BLOCKS = YES;
				GCC_OPTIMIZATION_LEVEL = 0;
				GCC_PREPROCESSOR_DEFINITIONS = (
					"DEBUG=1",
					"$(inherited)",
				);
				GCC_WARN_64_TO_32_BIT_CONVERSION = YES;
				GCC_WARN_ABOUT_RETURN_TYPE = YES_ERROR;
				GCC_WARN_UNDECLARED_SELECTOR = YES;
				GCC_WARN_UNINITIALIZED_AUTOS = YES_AGGRESSIVE;
				GCC_WARN_UNUSED_FUNCTION = YES;
				GCC_WARN_UNUSED_VARIABLE = YES;
				IPHONEOS_DEPLOYMENT_TARGET = 13.1;
				MTL_ENABLE_DEBUG_INFO = INCLUDE_SOURCE;
				MTL_FAST_MATH = YES;
				ONLY_ACTIVE_ARCH = YES;
				SDKROOT = iphoneos;
				SWIFT_ACTIVE_COMPILATION_CONDITIONS = DEBUG;
				SWIFT_OPTIMIZATION_LEVEL = "-Onone";
			};
			name = Debug;
		};
		2CB7C7062352EC4B0068ADE2 /* Release */ = {
			isa = XCBuildConfiguration;
			buildSettings = {
				ALWAYS_SEARCH_USER_PATHS = NO;
				CLANG_ANALYZER_NONNULL = YES;
				CLANG_ANALYZER_NUMBER_OBJECT_CONVERSION = YES_AGGRESSIVE;
				CLANG_CXX_LANGUAGE_STANDARD = "gnu++14";
				CLANG_CXX_LIBRARY = "libc++";
				CLANG_ENABLE_MODULES = YES;
				CLANG_ENABLE_OBJC_ARC = YES;
				CLANG_ENABLE_OBJC_WEAK = YES;
				CLANG_WARN_BLOCK_CAPTURE_AUTORELEASING = YES;
				CLANG_WARN_BOOL_CONVERSION = YES;
				CLANG_WARN_COMMA = YES;
				CLANG_WARN_CONSTANT_CONVERSION = YES;
				CLANG_WARN_DEPRECATED_OBJC_IMPLEMENTATIONS = YES;
				CLANG_WARN_DIRECT_OBJC_ISA_USAGE = YES_ERROR;
				CLANG_WARN_DOCUMENTATION_COMMENTS = YES;
				CLANG_WARN_EMPTY_BODY = YES;
				CLANG_WARN_ENUM_CONVERSION = YES;
				CLANG_WARN_INFINITE_RECURSION = YES;
				CLANG_WARN_INT_CONVERSION = YES;
				CLANG_WARN_NON_LITERAL_NULL_CONVERSION = YES;
				CLANG_WARN_OBJC_IMPLICIT_RETAIN_SELF = YES;
				CLANG_WARN_OBJC_LITERAL_CONVERSION = YES;
				CLANG_WARN_OBJC_ROOT_CLASS = YES_ERROR;
				CLANG_WARN_QUOTED_INCLUDE_IN_FRAMEWORK_HEADER = YES;
				CLANG_WARN_RANGE_LOOP_ANALYSIS = YES;
				CLANG_WARN_STRICT_PROTOTYPES = YES;
				CLANG_WARN_SUSPICIOUS_MOVE = YES;
				CLANG_WARN_UNGUARDED_AVAILABILITY = YES_AGGRESSIVE;
				CLANG_WARN_UNREACHABLE_CODE = YES;
				CLANG_WARN__DUPLICATE_METHOD_MATCH = YES;
				COPY_PHASE_STRIP = NO;
				DEBUG_INFORMATION_FORMAT = "dwarf-with-dsym";
				ENABLE_NS_ASSERTIONS = NO;
				ENABLE_STRICT_OBJC_MSGSEND = YES;
				GCC_C_LANGUAGE_STANDARD = gnu11;
				GCC_NO_COMMON_BLOCKS = YES;
				GCC_WARN_64_TO_32_BIT_CONVERSION = YES;
				GCC_WARN_ABOUT_RETURN_TYPE = YES_ERROR;
				GCC_WARN_UNDECLARED_SELECTOR = YES;
				GCC_WARN_UNINITIALIZED_AUTOS = YES_AGGRESSIVE;
				GCC_WARN_UNUSED_FUNCTION = YES;
				GCC_WARN_UNUSED_VARIABLE = YES;
				IPHONEOS_DEPLOYMENT_TARGET = 13.1;
				MTL_ENABLE_DEBUG_INFO = NO;
				MTL_FAST_MATH = YES;
				SDKROOT = iphoneos;
				SWIFT_COMPILATION_MODE = wholemodule;
				SWIFT_OPTIMIZATION_LEVEL = "-O";
				VALIDATE_PRODUCT = YES;
			};
			name = Release;
		};
		2CB7C7082352EC4B0068ADE2 /* Debug */ = {
			isa = XCBuildConfiguration;
			buildSettings = {
				ASSETCATALOG_COMPILER_APPICON_NAME = AppIcon;
				CODE_SIGN_STYLE = Automatic;
				CURRENT_PROJECT_VERSION = 1;
				DEVELOPMENT_ASSET_PATHS = "\"GuessTheFlag/Preview Content\"";
				DEVELOPMENT_TEAM = P4DQK6SRKR;
				ENABLE_PREVIEWS = YES;
				INFOPLIST_FILE = GuessTheFlag/Info.plist;
				LD_RUNPATH_SEARCH_PATHS = (
					"$(inherited)",
					"@executable_path/Frameworks",
				);
				MARKETING_VERSION = 1.6.0;
				PRODUCT_BUNDLE_IDENTIFIER = com.marcusziade.knowtheflag;
				PRODUCT_NAME = "Master of Flags";
				SWIFT_VERSION = 5.0;
				TARGETED_DEVICE_FAMILY = "1,2";
			};
			name = Debug;
		};
		2CB7C7092352EC4B0068ADE2 /* Release */ = {
			isa = XCBuildConfiguration;
			buildSettings = {
				ASSETCATALOG_COMPILER_APPICON_NAME = AppIcon;
				CODE_SIGN_STYLE = Automatic;
				CURRENT_PROJECT_VERSION = 1;
				DEVELOPMENT_ASSET_PATHS = "\"GuessTheFlag/Preview Content\"";
				DEVELOPMENT_TEAM = P4DQK6SRKR;
				ENABLE_PREVIEWS = YES;
				INFOPLIST_FILE = GuessTheFlag/Info.plist;
				LD_RUNPATH_SEARCH_PATHS = (
					"$(inherited)",
					"@executable_path/Frameworks",
				);
				MARKETING_VERSION = 1.6.0;
				PRODUCT_BUNDLE_IDENTIFIER = com.marcusziade.knowtheflag;
				PRODUCT_NAME = "Master of Flags";
				SWIFT_VERSION = 5.0;
				TARGETED_DEVICE_FAMILY = "1,2";
			};
			name = Release;
		};
/* End XCBuildConfiguration section */

/* Begin XCConfigurationList section */
		2CB7C6EE2352EC490068ADE2 /* Build configuration list for PBXProject "GuessTheFlag" */ = {
			isa = XCConfigurationList;
			buildConfigurations = (
				2CB7C7052352EC4B0068ADE2 /* Debug */,
				2CB7C7062352EC4B0068ADE2 /* Release */,
			);
			defaultConfigurationIsVisible = 0;
			defaultConfigurationName = Release;
		};
		2CB7C7072352EC4B0068ADE2 /* Build configuration list for PBXNativeTarget "GuessTheFlag" */ = {
			isa = XCConfigurationList;
			buildConfigurations = (
				2CB7C7082352EC4B0068ADE2 /* Debug */,
				2CB7C7092352EC4B0068ADE2 /* Release */,
			);
			defaultConfigurationIsVisible = 0;
			defaultConfigurationName = Release;
		};
/* End XCConfigurationList section */
	};
	rootObject = 2CB7C6EB2352EC490068ADE2 /* Project object */;
}
