// !$*UTF8*$!
{
	archiveVersion = 1;
	classes = {
	};
	objectVersion = 50;
	objects = {

/* Begin PBXBuildFile section */
		2C38413F235637B200F56257 /* EuropeFlags.swift in Sources */ = {isa = PBXBuildFile; fileRef = 2C38413E235637B200F56257 /* EuropeFlags.swift */; };
		2C38414323563BB400F56257 /* TabBar.swift in Sources */ = {isa = PBXBuildFile; fileRef = 2C38414223563BB400F56257 /* TabBar.swift */; };
		2C38414523563E2500F56257 /* AsiaFlags.swift in Sources */ = {isa = PBXBuildFile; fileRef = 2C38414423563E2500F56257 /* AsiaFlags.swift */; };
		2C384147235641A900F56257 /* AfricaFlags.swift in Sources */ = {isa = PBXBuildFile; fileRef = 2C384146235641A900F56257 /* AfricaFlags.swift */; };
		2C384169235765BB00F56257 /* AmericaFlags.swift in Sources */ = {isa = PBXBuildFile; fileRef = 2C384168235765BB00F56257 /* AmericaFlags.swift */; };
		2C556CBA236708480038F2D5 /* About.swift in Sources */ = {isa = PBXBuildFile; fileRef = 2C556CB9236708480038F2D5 /* About.swift */; };
		2C96E2C52358B7E600E5D154 /* WorldFlags.swift in Sources */ = {isa = PBXBuildFile; fileRef = 2C96E2C42358B7E600E5D154 /* WorldFlags.swift */; };
		2CB7C6F72352EC490068ADE2 /* AppDelegate.swift in Sources */ = {isa = PBXBuildFile; fileRef = 2CB7C6F62352EC490068ADE2 /* AppDelegate.swift */; };
		2CB7C6F92352EC490068ADE2 /* SceneDelegate.swift in Sources */ = {isa = PBXBuildFile; fileRef = 2CB7C6F82352EC490068ADE2 /* SceneDelegate.swift */; };
		2CB7C6FD2352EC4B0068ADE2 /* Assets.xcassets in Resources */ = {isa = PBXBuildFile; fileRef = 2CB7C6FC2352EC4B0068ADE2 /* Assets.xcassets */; };
		2CB7C7002352EC4B0068ADE2 /* Preview Assets.xcassets in Resources */ = {isa = PBXBuildFile; fileRef = 2CB7C6FF2352EC4B0068ADE2 /* Preview Assets.xcassets */; };
		2CB7C7032352EC4B0068ADE2 /* LaunchScreen.storyboard in Resources */ = {isa = PBXBuildFile; fileRef = 2CB7C7012352EC4B0068ADE2 /* LaunchScreen.storyboard */; };
		5A2690C22530A76000C4FC39 /* FlagStore.swift in Sources */ = {isa = PBXBuildFile; fileRef = 5A2690C12530A76000C4FC39 /* FlagStore.swift */; };
		5A2690C62530B03300C4FC39 /* ViewModifiers.swift in Sources */ = {isa = PBXBuildFile; fileRef = 5A2690C52530B03300C4FC39 /* ViewModifiers.swift */; };
/* End PBXBuildFile section */

/* Begin PBXFileReference section */
		2C38413E235637B200F56257 /* EuropeFlags.swift */ = {isa = PBXFileReference; lastKnownFileType = sourcecode.swift; path = EuropeFlags.swift; sourceTree = "<group>"; };
		2C38414223563BB400F56257 /* TabBar.swift */ = {isa = PBXFileReference; lastKnownFileType = sourcecode.swift; path = TabBar.swift; sourceTree = "<group>"; };
		2C38414423563E2500F56257 /* AsiaFlags.swift */ = {isa = PBXFileReference; lastKnownFileType = sourcecode.swift; path = AsiaFlags.swift; sourceTree = "<group>"; };
		2C384146235641A900F56257 /* AfricaFlags.swift */ = {isa = PBXFileReference; lastKnownFileType = sourcecode.swift; path = AfricaFlags.swift; sourceTree = "<group>"; };
		2C384168235765BB00F56257 /* AmericaFlags.swift */ = {isa = PBXFileReference; lastKnownFileType = sourcecode.swift; path = AmericaFlags.swift; sourceTree = "<group>"; };
		2C556CB9236708480038F2D5 /* About.swift */ = {isa = PBXFileReference; lastKnownFileType = sourcecode.swift; path = About.swift; sourceTree = "<group>"; };
		2C96E2C42358B7E600E5D154 /* WorldFlags.swift */ = {isa = PBXFileReference; lastKnownFileType = sourcecode.swift; path = WorldFlags.swift; sourceTree = "<group>"; };
		2CB7C6F32352EC490068ADE2 /* Master of Flags.app */ = {isa = PBXFileReference; explicitFileType = wrapper.application; includeInIndex = 0; path = "Master of Flags.app"; sourceTree = BUILT_PRODUCTS_DIR; };
		2CB7C6F62352EC490068ADE2 /* AppDelegate.swift */ = {isa = PBXFileReference; lastKnownFileType = sourcecode.swift; path = AppDelegate.swift; sourceTree = "<group>"; };
		2CB7C6F82352EC490068ADE2 /* SceneDelegate.swift */ = {isa = PBXFileReference; lastKnownFileType = sourcecode.swift; path = SceneDelegate.swift; sourceTree = "<group>"; };
		2CB7C6FC2352EC4B0068ADE2 /* Assets.xcassets */ = {isa = PBXFileReference; lastKnownFileType = folder.assetcatalog; path = Assets.xcassets; sourceTree = "<group>"; };
		2CB7C6FF2352EC4B0068ADE2 /* Preview Assets.xcassets */ = {isa = PBXFileReference; lastKnownFileType = folder.assetcatalog; path = "Preview Assets.xcassets"; sourceTree = "<group>"; };
		2CB7C7022352EC4B0068ADE2 /* Base */ = {isa = PBXFileReference; lastKnownFileType = file.storyboard; name = Base; path = Base.lproj/LaunchScreen.storyboard; sourceTree = "<group>"; };
		2CB7C7042352EC4B0068ADE2 /* Info.plist */ = {isa = PBXFileReference; lastKnownFileType = text.plist.xml; path = Info.plist; sourceTree = "<group>"; };
		5A2690C12530A76000C4FC39 /* FlagStore.swift */ = {isa = PBXFileReference; lastKnownFileType = sourcecode.swift; path = FlagStore.swift; sourceTree = "<group>"; };
		5A2690C52530B03300C4FC39 /* ViewModifiers.swift */ = {isa = PBXFileReference; lastKnownFileType = sourcecode.swift; path = ViewModifiers.swift; sourceTree = "<group>"; };
/* End PBXFileReference section */

/* Begin PBXFrameworksBuildPhase section */
		2CB7C6F02352EC490068ADE2 /* Frameworks */ = {
			isa = PBXFrameworksBuildPhase;
			buildActionMask = 2147483647;
			files = (
			);
			runOnlyForDeploymentPostprocessing = 0;
		};
/* End PBXFrameworksBuildPhase section */

/* Begin PBXGroup section */
		2CB7C6EA2352EC490068ADE2 = {
			isa = PBXGroup;
			children = (
				2CB7C6F52352EC490068ADE2 /* GuessTheFlag */,
				2CB7C6F42352EC490068ADE2 /* Products */,
			);
			sourceTree = "<group>";
		};
		2CB7C6F42352EC490068ADE2 /* Products */ = {
			isa = PBXGroup;
			children = (
				2CB7C6F32352EC490068ADE2 /* Master of Flags.app */,
			);
			name = Products;
			sourceTree = "<group>";
		};
		2CB7C6F52352EC490068ADE2 /* GuessTheFlag */ = {
			isa = PBXGroup;
			children = (
				2CB7C6F62352EC490068ADE2 /* AppDelegate.swift */,
				2CB7C6F82352EC490068ADE2 /* SceneDelegate.swift */,
				5A2690BE2530A74C00C4FC39 /* Data */,
				5A2690C82530B38B00C4FC39 /* Views */,
				2CB7C6FC2352EC4B0068ADE2 /* Assets.xcassets */,
				2CB7C7012352EC4B0068ADE2 /* LaunchScreen.storyboard */,
				2CB7C7042352EC4B0068ADE2 /* Info.plist */,
				2CB7C6FE2352EC4B0068ADE2 /* Preview Content */,
			);
			path = GuessTheFlag;
			sourceTree = "<group>";
		};
		2CB7C6FE2352EC4B0068ADE2 /* Preview Content */ = {
			isa = PBXGroup;
			children = (
				2CB7C6FF2352EC4B0068ADE2 /* Preview Assets.xcassets */,
			);
			path = "Preview Content";
			sourceTree = "<group>";
		};
		5A2690BE2530A74C00C4FC39 /* Data */ = {
			isa = PBXGroup;
			children = (
				5A2690C12530A76000C4FC39 /* FlagStore.swift */,
				5A2690C52530B03300C4FC39 /* ViewModifiers.swift */,
			);
			path = Data;
			sourceTree = "<group>";
		};
		5A2690C82530B38B00C4FC39 /* Views */ = {
			isa = PBXGroup;
			children = (
				2C38414223563BB400F56257 /* TabBar.swift */,
				2C38413E235637B200F56257 /* EuropeFlags.swift */,
				2C38414423563E2500F56257 /* AsiaFlags.swift */,
				2C384146235641A900F56257 /* AfricaFlags.swift */,
				2C384168235765BB00F56257 /* AmericaFlags.swift */,
				2C96E2C42358B7E600E5D154 /* WorldFlags.swift */,
				2C556CB9236708480038F2D5 /* About.swift */,
			);
			path = Views;
			sourceTree = "<group>";
		};
/* End PBXGroup section */

/* Begin PBXNativeTarget section */
		2CB7C6F22352EC490068ADE2 /* GuessTheFlag */ = {
			isa = PBXNativeTarget;
			buildConfigurationList = 2CB7C7072352EC4B0068ADE2 /* Build configuration list for PBXNativeTarget "GuessTheFlag" */;
			buildPhases = (
				2CB7C6EF2352EC490068ADE2 /* Sources */,
				2CB7C6F02352EC490068ADE2 /* Frameworks */,
				2CB7C6F12352EC490068ADE2 /* Resources */,
			);
			buildRules = (
			);
			dependencies = (
			);
			name = GuessTheFlag;
			productName = GuessTheFlag;
			productReference = 2CB7C6F32352EC490068ADE2 /* Master of Flags.app */;
			productType = "com.apple.product-type.application";
		};
/* End PBXNativeTarget section */

/* Begin PBXProject section */
		2CB7C6EB2352EC490068ADE2 /* Project object */ = {
			isa = PBXProject;
			attributes = {
				LastSwiftUpdateCheck = 1110;
				LastUpgradeCheck = 1110;
				ORGANIZATIONNAME = "Marcus Ziadé";
				TargetAttributes = {
					2CB7C6F22352EC490068ADE2 = {
						CreatedOnToolsVersion = 11.1;
					};
				};
			};
			buildConfigurationList = 2CB7C6EE2352EC490068ADE2 /* Build configuration list for PBXProject "GuessTheFlag" */;
			compatibilityVersion = "Xcode 9.3";
			developmentRegion = en;
			hasScannedForEncodings = 0;
			knownRegions = (
				en,
				Base,
			);
			mainGroup = 2CB7C6EA2352EC490068ADE2;
			productRefGroup = 2CB7C6F42352EC490068ADE2 /* Products */;
			projectDirPath = "";
			projectRoot = "";
			targets = (
				2CB7C6F22352EC490068ADE2 /* GuessTheFlag */,
			);
		};
/* End PBXProject section */

/* Begin PBXResourcesBuildPhase section */
		2CB7C6F12352EC490068ADE2 /* Resources */ = {
			isa = PBXResourcesBuildPhase;
			buildActionMask = 2147483647;
			files = (
				2CB7C7032352EC4B0068ADE2 /* LaunchScreen.storyboard in Resources */,
				2CB7C7002352EC4B0068ADE2 /* Preview Assets.xcassets in Resources */,
				2CB7C6FD2352EC4B0068ADE2 /* Assets.xcassets in Resources */,
			);
			runOnlyForDeploymentPostprocessing = 0;
		};
/* End PBXResourcesBuildPhase section */

/* Begin PBXSourcesBuildPhase section */
		2CB7C6EF2352EC490068ADE2 /* Sources */ = {
			isa = PBXSourcesBuildPhase;
			buildActionMask = 2147483647;
			files = (
				2CB7C6F72352EC490068ADE2 /* AppDelegate.swift in Sources */,
				5A2690C22530A76000C4FC39 /* FlagStore.swift in Sources */,
				2C38413F235637B200F56257 /* EuropeFlags.swift in Sources */,
				2C96E2C52358B7E600E5D154 /* WorldFlags.swift in Sources */,
				2CB7C6F92352EC490068ADE2 /* SceneDelegate.swift in Sources */,
				2C384169235765BB00F56257 /* AmericaFlags.swift in Sources */,
				2C38414323563BB400F56257 /* TabBar.swift in Sources */,
				2C556CBA236708480038F2D5 /* About.swift in Sources */,
				2C38414523563E2500F56257 /* AsiaFlags.swift in Sources */,
				5A2690C62530B03300C4FC39 /* ViewModifiers.swift in Sources */,
				2C384147235641A900F56257 /* AfricaFlags.swift in Sources */,
			);
			runOnlyForDeploymentPostprocessing = 0;
		};
/* End PBXSourcesBuildPhase section */

/* Begin PBXVariantGroup section */
		2CB7C7012352EC4B0068ADE2 /* LaunchScreen.storyboard */ = {
			isa = PBXVariantGroup;
			children = (
				2CB7C7022352EC4B0068ADE2 /* Base */,
			);
			name = LaunchScreen.storyboard;
			sourceTree = "<group>";
		};
/* End PBXVariantGroup section */

/* Begin XCBuildConfiguration section */
		2CB7C7052352EC4B0068ADE2 /* Debug */ = {
			isa = XCBuildConfiguration;
			buildSettings = {
				ALWAYS_SEARCH_USER_PATHS = NO;
				CLANG_ANALYZER_NONNULL = YES;
				CLANG_ANALYZER_NUMBER_OBJECT_CONVERSION = YES_AGGRESSIVE;
				CLANG_CXX_LANGUAGE_STANDARD = "gnu++14";
				CLANG_CXX_LIBRARY = "libc++";
				CLANG_ENABLE_MODULES = YES;
				CLANG_ENABLE_OBJC_ARC = YES;
				CLANG_ENABLE_OBJC_WEAK = YES;
				CLANG_WARN_BLOCK_CAPTURE_AUTORELEASING = YES;
				CLANG_WARN_BOOL_CONVERSION = YES;
				CLANG_WARN_COMMA = YES;
				CLANG_WARN_CONSTANT_CONVERSION = YES;
				CLANG_WARN_DEPRECATED_OBJC_IMPLEMENTATIONS = YES;
				CLANG_WARN_DIRECT_OBJC_ISA_USAGE = YES_ERROR;
				CLANG_WARN_DOCUMENTATION_COMMENTS = YES;
				CLANG_WARN_EMPTY_BODY = YES;
				CLANG_WARN_ENUM_CONVERSION = YES;
				CLANG_WARN_INFINITE_RECURSION = YES;
				CLANG_WARN_INT_CONVERSION = YES;
				CLANG_WARN_NON_LITERAL_NULL_CONVERSION = YES;
				CLANG_WARN_OBJC_IMPLICIT_RETAIN_SELF = YES;
				CLANG_WARN_OBJC_LITERAL_CONVERSION = YES;
				CLANG_WARN_OBJC_ROOT_CLASS = YES_ERROR;
				CLANG_WARN_RANGE_LOOP_ANALYSIS = YES;
				CLANG_WARN_STRICT_PROTOTYPES = YES;
				CLANG_WARN_SUSPICIOUS_MOVE = YES;
				CLANG_WARN_UNGUARDED_AVAILABILITY = YES_AGGRESSIVE;
				CLANG_WARN_UNREACHABLE_CODE = YES;
				CLANG_WARN__DUPLICATE_METHOD_MATCH = YES;
				COPY_PHASE_STRIP = NO;
				DEBUG_INFORMATION_FORMAT = dwarf;
				ENABLE_STRICT_OBJC_MSGSEND = YES;
				ENABLE_TESTABILITY = YES;
				GCC_C_LANGUAGE_STANDARD = gnu11;
				GCC_DYNAMIC_NO_PIC = NO;
				GCC_NO_COMMON_BLOCKS = YES;
				GCC_OPTIMIZATION_LEVEL = 0;
				GCC_PREPROCESSOR_DEFINITIONS = (
					"DEBUG=1",
					"$(inherited)",
				);
				GCC_WARN_64_TO_32_BIT_CONVERSION = YES;
				GCC_WARN_ABOUT_RETURN_TYPE = YES_ERROR;
				GCC_WARN_UNDECLARED_SELECTOR = YES;
				GCC_WARN_UNINITIALIZED_AUTOS = YES_AGGRESSIVE;
				GCC_WARN_UNUSED_FUNCTION = YES;
				GCC_WARN_UNUSED_VARIABLE = YES;
				IPHONEOS_DEPLOYMENT_TARGET = 13.1;
				MTL_ENABLE_DEBUG_INFO = INCLUDE_SOURCE;
				MTL_FAST_MATH = YES;
				ONLY_ACTIVE_ARCH = YES;
				SDKROOT = iphoneos;
				SWIFT_ACTIVE_COMPILATION_CONDITIONS = DEBUG;
				SWIFT_OPTIMIZATION_LEVEL = "-Onone";
			};
			name = Debug;
		};
		2CB7C7062352EC4B0068ADE2 /* Release */ = {
			isa = XCBuildConfiguration;
			buildSettings = {
				ALWAYS_SEARCH_USER_PATHS = NO;
				CLANG_ANALYZER_NONNULL = YES;
				CLANG_ANALYZER_NUMBER_OBJECT_CONVERSION = YES_AGGRESSIVE;
				CLANG_CXX_LANGUAGE_STANDARD = "gnu++14";
				CLANG_CXX_LIBRARY = "libc++";
				CLANG_ENABLE_MODULES = YES;
				CLANG_ENABLE_OBJC_ARC = YES;
				CLANG_ENABLE_OBJC_WEAK = YES;
				CLANG_WARN_BLOCK_CAPTURE_AUTORELEASING = YES;
				CLANG_WARN_BOOL_CONVERSION = YES;
				CLANG_WARN_COMMA = YES;
				CLANG_WARN_CONSTANT_CONVERSION = YES;
				CLANG_WARN_DEPRECATED_OBJC_IMPLEMENTATIONS = YES;
				CLANG_WARN_DIRECT_OBJC_ISA_USAGE = YES_ERROR;
				CLANG_WARN_DOCUMENTATION_COMMENTS = YES;
				CLANG_WARN_EMPTY_BODY = YES;
				CLANG_WARN_ENUM_CONVERSION = YES;
				CLANG_WARN_INFINITE_RECURSION = YES;
				CLANG_WARN_INT_CONVERSION = YES;
				CLANG_WARN_NON_LITERAL_NULL_CONVERSION = YES;
				CLANG_WARN_OBJC_IMPLICIT_RETAIN_SELF = YES;
				CLANG_WARN_OBJC_LITERAL_CONVERSION = YES;
				CLANG_WARN_OBJC_ROOT_CLASS = YES_ERROR;
				CLANG_WARN_RANGE_LOOP_ANALYSIS = YES;
				CLANG_WARN_STRICT_PROTOTYPES = YES;
				CLANG_WARN_SUSPICIOUS_MOVE = YES;
				CLANG_WARN_UNGUARDED_AVAILABILITY = YES_AGGRESSIVE;
				CLANG_WARN_UNREACHABLE_CODE = YES;
				CLANG_WARN__DUPLICATE_METHOD_MATCH = YES;
				COPY_PHASE_STRIP = NO;
				DEBUG_INFORMATION_FORMAT = "dwarf-with-dsym";
				ENABLE_NS_ASSERTIONS = NO;
				ENABLE_STRICT_OBJC_MSGSEND = YES;
				GCC_C_LANGUAGE_STANDARD = gnu11;
				GCC_NO_COMMON_BLOCKS = YES;
				GCC_WARN_64_TO_32_BIT_CONVERSION = YES;
				GCC_WARN_ABOUT_RETURN_TYPE = YES_ERROR;
				GCC_WARN_UNDECLARED_SELECTOR = YES;
				GCC_WARN_UNINITIALIZED_AUTOS = YES_AGGRESSIVE;
				GCC_WARN_UNUSED_FUNCTION = YES;
				GCC_WARN_UNUSED_VARIABLE = YES;
				IPHONEOS_DEPLOYMENT_TARGET = 13.1;
				MTL_ENABLE_DEBUG_INFO = NO;
				MTL_FAST_MATH = YES;
				SDKROOT = iphoneos;
				SWIFT_COMPILATION_MODE = wholemodule;
				SWIFT_OPTIMIZATION_LEVEL = "-O";
				VALIDATE_PRODUCT = YES;
			};
			name = Release;
		};
		2CB7C7082352EC4B0068ADE2 /* Debug */ = {
			isa = XCBuildConfiguration;
			buildSettings = {
				ASSETCATALOG_COMPILER_APPICON_NAME = AppIcon;
				CODE_SIGN_STYLE = Automatic;
				CURRENT_PROJECT_VERSION = 10;
				DEVELOPMENT_ASSET_PATHS = "\"GuessTheFlag/Preview Content\"";
				DEVELOPMENT_TEAM = P4DQK6SRKR;
				ENABLE_PREVIEWS = YES;
				INFOPLIST_FILE = GuessTheFlag/Info.plist;
				LD_RUNPATH_SEARCH_PATHS = (
					"$(inherited)",
					"@executable_path/Frameworks",
				);
				MARKETING_VERSION = 1.2.3;
				PRODUCT_BUNDLE_IDENTIFIER = com.marcusziade.knowtheflag;
				PRODUCT_NAME = "Master of Flags";
				SWIFT_VERSION = 5.0;
				TARGETED_DEVICE_FAMILY = "1,2";
			};
			name = Debug;
		};
		2CB7C7092352EC4B0068ADE2 /* Release */ = {
			isa = XCBuildConfiguration;
			buildSettings = {
				ASSETCATALOG_COMPILER_APPICON_NAME = AppIcon;
				CODE_SIGN_STYLE = Automatic;
				CURRENT_PROJECT_VERSION = 10;
				DEVELOPMENT_ASSET_PATHS = "\"GuessTheFlag/Preview Content\"";
				DEVELOPMENT_TEAM = P4DQK6SRKR;
				ENABLE_PREVIEWS = YES;
				INFOPLIST_FILE = GuessTheFlag/Info.plist;
				LD_RUNPATH_SEARCH_PATHS = (
					"$(inherited)",
					"@executable_path/Frameworks",
				);
				MARKETING_VERSION = 1.2.3;
				PRODUCT_BUNDLE_IDENTIFIER = com.marcusziade.knowtheflag;
				PRODUCT_NAME = "Master of Flags";
				SWIFT_VERSION = 5.0;
				TARGETED_DEVICE_FAMILY = "1,2";
			};
			name = Release;
		};
/* End XCBuildConfiguration section */

/* Begin XCConfigurationList section */
		2CB7C6EE2352EC490068ADE2 /* Build configuration list for PBXProject "GuessTheFlag" */ = {
			isa = XCConfigurationList;
			buildConfigurations = (
				2CB7C7052352EC4B0068ADE2 /* Debug */,
				2CB7C7062352EC4B0068ADE2 /* Release */,
			);
			defaultConfigurationIsVisible = 0;
			defaultConfigurationName = Release;
		};
		2CB7C7072352EC4B0068ADE2 /* Build configuration list for PBXNativeTarget "GuessTheFlag" */ = {
			isa = XCConfigurationList;
			buildConfigurations = (
				2CB7C7082352EC4B0068ADE2 /* Debug */,
				2CB7C7092352EC4B0068ADE2 /* Release */,
			);
			defaultConfigurationIsVisible = 0;
			defaultConfigurationName = Release;
		};
/* End XCConfigurationList section */
	};
	rootObject = 2CB7C6EB2352EC490068ADE2 /* Project object */;
}
