// !$*UTF8*$!
{
	archiveVersion = 1;
	classes = {
	};
	objectVersion = 52;
	objects = {

/* Begin PBXBuildFile section */
		2C38414323563BB400F56257 /* FlagGameView.swift in Sources */ = {isa = PBXBuildFile; fileRef = 2C38414223563BB400F56257 /* FlagGameView.swift */; };
		2CB7C6F72352EC490068ADE2 /* AppDelegate.swift in Sources */ = {isa = PBXBuildFile; fileRef = 2CB7C6F62352EC490068ADE2 /* AppDelegate.swift */; };
		2CB7C6F92352EC490068ADE2 /* SceneDelegate.swift in Sources */ = {isa = PBXBuildFile; fileRef = 2CB7C6F82352EC490068ADE2 /* SceneDelegate.swift */; };
		2CB7C6FD2352EC4B0068ADE2 /* Assets.xcassets in Resources */ = {isa = PBXBuildFile; fileRef = 2CB7C6FC2352EC4B0068ADE2 /* Assets.xcassets */; };
		2CB7C7002352EC4B0068ADE2 /* Preview Assets.xcassets in Resources */ = {isa = PBXBuildFile; fileRef = 2CB7C6FF2352EC4B0068ADE2 /* Preview Assets.xcassets */; };
		2CB7C7032352EC4B0068ADE2 /* LaunchScreen.storyboard in Resources */ = {isa = PBXBuildFile; fileRef = 2CB7C7012352EC4B0068ADE2 /* LaunchScreen.storyboard */; };
		5A0B07E52721DEFE00447A13 /* countries.json in Resources */ = {isa = PBXBuildFile; fileRef = 5A0B07E42721DEFE00447A13 /* countries.json */; };
		5A0DC2A42814F73C007F9359 /* SettingsViewController.swift in Sources */ = {isa = PBXBuildFile; fileRef = 5A0DC2A32814F73C007F9359 /* SettingsViewController.swift */; };
		5A0DC2A72814F9E5007F9359 /* SnapKit in Frameworks */ = {isa = PBXBuildFile; productRef = 5A0DC2A62814F9E5007F9359 /* SnapKit */; };
		5A0DC2AA2814FAB9007F9359 /* SettingsSection.swift in Sources */ = {isa = PBXBuildFile; fileRef = 5A0DC2A92814FAB9007F9359 /* SettingsSection.swift */; };
		5A0DC2AC2814FB5A007F9359 /* UICollectionView+Ext.swift in Sources */ = {isa = PBXBuildFile; fileRef = 5A0DC2AB2814FB5A007F9359 /* UICollectionView+Ext.swift */; };
		5A0DC2B0281506C4007F9359 /* SettingsItem.swift in Sources */ = {isa = PBXBuildFile; fileRef = 5A0DC2AF281506C4007F9359 /* SettingsItem.swift */; };
		5A0DC2B328150806007F9359 /* SettingsItems.swift in Sources */ = {isa = PBXBuildFile; fileRef = 5A0DC2B228150806007F9359 /* SettingsItems.swift */; };
		5A0DC2B728150D2C007F9359 /* SettingsItemBadgeView.swift in Sources */ = {isa = PBXBuildFile; fileRef = 5A0DC2B628150D2C007F9359 /* SettingsItemBadgeView.swift */; };
		5A0DC2B928151454007F9359 /* SettingsRegularCell.swift in Sources */ = {isa = PBXBuildFile; fileRef = 5A0DC2B828151454007F9359 /* SettingsRegularCell.swift */; };
		5A0DC2BD281533BD007F9359 /* ViewController.swift in Sources */ = {isa = PBXBuildFile; fileRef = 5A0DC2BC281533BD007F9359 /* ViewController.swift */; };
		5A0DC2BF2815392E007F9359 /* SettingsCell.swift in Sources */ = {isa = PBXBuildFile; fileRef = 5A0DC2BE2815392E007F9359 /* SettingsCell.swift */; };
		5A0DC2C128153951007F9359 /* SettingsHardModeCell.swift in Sources */ = {isa = PBXBuildFile; fileRef = 5A0DC2C028153951007F9359 /* SettingsHardModeCell.swift */; };
		5A1FBFB425C68F6100E3D721 /* coffee.json in Resources */ = {isa = PBXBuildFile; fileRef = 5A1FBFB325C68F6100E3D721 /* coffee.json */; };
		5A2690C62530B03300C4FC39 /* ViewModifiers.swift in Sources */ = {isa = PBXBuildFile; fileRef = 5A2690C52530B03300C4FC39 /* ViewModifiers.swift */; };
		5A2CC62325C4C93A00525C9A /* AboutViewController.swift in Sources */ = {isa = PBXBuildFile; fileRef = 5A2CC62225C4C93A00525C9A /* AboutViewController.swift */; };
		5A2CC62925C4D01500525C9A /* UIViewControllerExtensions.swift in Sources */ = {isa = PBXBuildFile; fileRef = 5A2CC62825C4D01500525C9A /* UIViewControllerExtensions.swift */; };
		5A2CC62E25C5D6D600525C9A /* Currency.swift in Sources */ = {isa = PBXBuildFile; fileRef = 5A2CC62D25C5D6D600525C9A /* Currency.swift */; };
		5A55C5ED276F2C4A00594C83 /* Lottie in Frameworks */ = {isa = PBXBuildFile; productRef = 5A55C5EC276F2C4A00594C83 /* Lottie */; };
		5A55C5EF276F526C00594C83 /* keyword.strings in Resources */ = {isa = PBXBuildFile; fileRef = 5A55C5EE276F526C00594C83 /* keyword.strings */; };
		5A55C5F1276F52C600594C83 /* title.strings in Resources */ = {isa = PBXBuildFile; fileRef = 5A55C5F0276F52C600594C83 /* title.strings */; };
		5A5C538F2633F5FB00070869 /* Settings.swift in Sources */ = {isa = PBXBuildFile; fileRef = 5A5C538E2633F5FB00070869 /* Settings.swift */; };
		5A8FC615276F1C5100C1B468 /* MasterofFlagsUITests.swift in Sources */ = {isa = PBXBuildFile; fileRef = 5A8FC614276F1C5100C1B468 /* MasterofFlagsUITests.swift */; };
		5A8FC61E276F1CB200C1B468 /* SnapshotHelper.swift in Sources */ = {isa = PBXBuildFile; fileRef = 5A8FC61D276F1CB200C1B468 /* SnapshotHelper.swift */; };
		5AA44B4B2749169100AB9083 /* FlagGameManager.swift in Sources */ = {isa = PBXBuildFile; fileRef = 5AA44B4A2749169100AB9083 /* FlagGameManager.swift */; };
		5AA44B4D27491CDA00AB9083 /* Region.swift in Sources */ = {isa = PBXBuildFile; fileRef = 5AA44B4C27491CDA00AB9083 /* Region.swift */; };
		5AA44B51274940F700AB9083 /* FlagGameHeaderView.swift in Sources */ = {isa = PBXBuildFile; fileRef = 5AA44B50274940F600AB9083 /* FlagGameHeaderView.swift */; };
		5AA44B53274A363D00AB9083 /* Configurable.swift in Sources */ = {isa = PBXBuildFile; fileRef = 5AA44B52274A363D00AB9083 /* Configurable.swift */; };
		5AA44B59274A424700AB9083 /* SettingsViewModel.swift in Sources */ = {isa = PBXBuildFile; fileRef = 5AA44B58274A424700AB9083 /* SettingsViewModel.swift */; };
		5AA6895C25C70A6A008E20DB /* ParentalGateView.swift in Sources */ = {isa = PBXBuildFile; fileRef = 5AA6895B25C70A6A008E20DB /* ParentalGateView.swift */; };
		5AAE71A725C56DD1003F8118 /* HapticEngine.swift in Sources */ = {isa = PBXBuildFile; fileRef = 5AAE71A625C56DD1003F8118 /* HapticEngine.swift */; };
		5AD6BEB526FF1905009B276F /* Name.swift in Sources */ = {isa = PBXBuildFile; fileRef = 5AD6BEB426FF1905009B276F /* Name.swift */; };
		5AD6BEB826FF257B009B276F /* Kingfisher in Frameworks */ = {isa = PBXBuildFile; productRef = 5AD6BEB726FF257B009B276F /* Kingfisher */; };
		5AD6BEC126FF2E86009B276F /* CountryListVM.swift in Sources */ = {isa = PBXBuildFile; fileRef = 5AD6BEC026FF2E86009B276F /* CountryListVM.swift */; };
		5AD6BEC526FF3368009B276F /* CountriesList.swift in Sources */ = {isa = PBXBuildFile; fileRef = 5AD6BEC426FF3368009B276F /* CountriesList.swift */; };
		5AD6BEC826FF3564009B276F /* CountryRow.swift in Sources */ = {isa = PBXBuildFile; fileRef = 5AD6BEC726FF3564009B276F /* CountryRow.swift */; };
		5AD6BECA26FF490E009B276F /* CountryDetail.swift in Sources */ = {isa = PBXBuildFile; fileRef = 5AD6BEC926FF490E009B276F /* CountryDetail.swift */; };
		5AD6BECC26FF492F009B276F /* CountryDetailVM.swift in Sources */ = {isa = PBXBuildFile; fileRef = 5AD6BECB26FF492F009B276F /* CountryDetailVM.swift */; };
		5ADC6638253AF223001E09B3 /* CountriesManager.swift in Sources */ = {isa = PBXBuildFile; fileRef = 5ADC6637253AF223001E09B3 /* CountriesManager.swift */; };
		5ADC6640253AF53C001E09B3 /* Country.swift in Sources */ = {isa = PBXBuildFile; fileRef = 5ADC663F253AF53C001E09B3 /* Country.swift */; };
		5ADC664D253AF89B001E09B3 /* UIViewExtensions.swift in Sources */ = {isa = PBXBuildFile; fileRef = 5ADC664C253AF89B001E09B3 /* UIViewExtensions.swift */; };
		5ADC6651253AFAE4001E09B3 /* MainTabBarViewController.swift in Sources */ = {isa = PBXBuildFile; fileRef = 5ADC6650253AFAE4001E09B3 /* MainTabBarViewController.swift */; };
		5ADC665D253B26E4001E09B3 /* LivePreview.swift in Sources */ = {isa = PBXBuildFile; fileRef = 5ADC665C253B26E4001E09B3 /* LivePreview.swift */; };
		5AEA07A525C547A900DBA23F /* Reusable.swift in Sources */ = {isa = PBXBuildFile; fileRef = 5AEA07A425C547A900DBA23F /* Reusable.swift */; };
/* End PBXBuildFile section */

/* Begin PBXContainerItemProxy section */
		5A8FC618276F1C5100C1B468 /* PBXContainerItemProxy */ = {
			isa = PBXContainerItemProxy;
			containerPortal = 2CB7C6EB2352EC490068ADE2 /* Project object */;
			proxyType = 1;
			remoteGlobalIDString = 2CB7C6F22352EC490068ADE2;
			remoteInfo = GuessTheFlag;
		};
/* End PBXContainerItemProxy section */

/* Begin PBXCopyFilesBuildPhase section */
		5AAE71A225C5650C003F8118 /* Embed Frameworks */ = {
			isa = PBXCopyFilesBuildPhase;
			buildActionMask = 2147483647;
			dstPath = "";
			dstSubfolderSpec = 10;
			files = (
			);
			name = "Embed Frameworks";
			runOnlyForDeploymentPostprocessing = 0;
		};
/* End PBXCopyFilesBuildPhase section */

/* Begin PBXFileReference section */
		2C38414223563BB400F56257 /* FlagGameView.swift */ = {isa = PBXFileReference; lastKnownFileType = sourcecode.swift; path = FlagGameView.swift; sourceTree = "<group>"; };
		2CB7C6F32352EC490068ADE2 /* Master of Flags.app */ = {isa = PBXFileReference; explicitFileType = wrapper.application; includeInIndex = 0; path = "Master of Flags.app"; sourceTree = BUILT_PRODUCTS_DIR; };
		2CB7C6F62352EC490068ADE2 /* AppDelegate.swift */ = {isa = PBXFileReference; lastKnownFileType = sourcecode.swift; path = AppDelegate.swift; sourceTree = "<group>"; };
		2CB7C6F82352EC490068ADE2 /* SceneDelegate.swift */ = {isa = PBXFileReference; lastKnownFileType = sourcecode.swift; path = SceneDelegate.swift; sourceTree = "<group>"; };
		2CB7C6FC2352EC4B0068ADE2 /* Assets.xcassets */ = {isa = PBXFileReference; lastKnownFileType = folder.assetcatalog; path = Assets.xcassets; sourceTree = "<group>"; };
		2CB7C6FF2352EC4B0068ADE2 /* Preview Assets.xcassets */ = {isa = PBXFileReference; lastKnownFileType = folder.assetcatalog; path = "Preview Assets.xcassets"; sourceTree = "<group>"; };
		2CB7C7022352EC4B0068ADE2 /* Base */ = {isa = PBXFileReference; lastKnownFileType = file.storyboard; name = Base; path = Base.lproj/LaunchScreen.storyboard; sourceTree = "<group>"; };
		2CB7C7042352EC4B0068ADE2 /* Info.plist */ = {isa = PBXFileReference; lastKnownFileType = text.plist.xml; path = Info.plist; sourceTree = "<group>"; };
		5A0B07E42721DEFE00447A13 /* countries.json */ = {isa = PBXFileReference; fileEncoding = 4; lastKnownFileType = text.json; path = countries.json; sourceTree = "<group>"; };
		5A0DC2A32814F73C007F9359 /* SettingsViewController.swift */ = {isa = PBXFileReference; lastKnownFileType = sourcecode.swift; path = SettingsViewController.swift; sourceTree = "<group>"; };
		5A0DC2A92814FAB9007F9359 /* SettingsSection.swift */ = {isa = PBXFileReference; lastKnownFileType = sourcecode.swift; path = SettingsSection.swift; sourceTree = "<group>"; };
		5A0DC2AB2814FB5A007F9359 /* UICollectionView+Ext.swift */ = {isa = PBXFileReference; lastKnownFileType = sourcecode.swift; path = "UICollectionView+Ext.swift"; sourceTree = "<group>"; };
		5A0DC2AF281506C4007F9359 /* SettingsItem.swift */ = {isa = PBXFileReference; lastKnownFileType = sourcecode.swift; path = SettingsItem.swift; sourceTree = "<group>"; };
		5A0DC2B228150806007F9359 /* SettingsItems.swift */ = {isa = PBXFileReference; lastKnownFileType = sourcecode.swift; path = SettingsItems.swift; sourceTree = "<group>"; };
		5A0DC2B628150D2C007F9359 /* SettingsItemBadgeView.swift */ = {isa = PBXFileReference; lastKnownFileType = sourcecode.swift; path = SettingsItemBadgeView.swift; sourceTree = "<group>"; };
		5A0DC2B828151454007F9359 /* SettingsRegularCell.swift */ = {isa = PBXFileReference; lastKnownFileType = sourcecode.swift; path = SettingsRegularCell.swift; sourceTree = "<group>"; };
		5A0DC2BC281533BD007F9359 /* ViewController.swift */ = {isa = PBXFileReference; lastKnownFileType = sourcecode.swift; path = ViewController.swift; sourceTree = "<group>"; };
		5A0DC2BE2815392E007F9359 /* SettingsCell.swift */ = {isa = PBXFileReference; lastKnownFileType = sourcecode.swift; path = SettingsCell.swift; sourceTree = "<group>"; };
		5A0DC2C028153951007F9359 /* SettingsHardModeCell.swift */ = {isa = PBXFileReference; lastKnownFileType = sourcecode.swift; path = SettingsHardModeCell.swift; sourceTree = "<group>"; };
		5A1FBFB325C68F6100E3D721 /* coffee.json */ = {isa = PBXFileReference; fileEncoding = 4; lastKnownFileType = text.json; path = coffee.json; sourceTree = "<group>"; };
		5A2690C52530B03300C4FC39 /* ViewModifiers.swift */ = {isa = PBXFileReference; lastKnownFileType = sourcecode.swift; path = ViewModifiers.swift; sourceTree = "<group>"; };
		5A2CC62225C4C93A00525C9A /* AboutViewController.swift */ = {isa = PBXFileReference; lastKnownFileType = sourcecode.swift; path = AboutViewController.swift; sourceTree = "<group>"; };
		5A2CC62625C4CCF300525C9A /* Configuration.storekit */ = {isa = PBXFileReference; lastKnownFileType = text; path = Configuration.storekit; sourceTree = "<group>"; };
		5A2CC62825C4D01500525C9A /* UIViewControllerExtensions.swift */ = {isa = PBXFileReference; lastKnownFileType = sourcecode.swift; path = UIViewControllerExtensions.swift; sourceTree = "<group>"; };
		5A2CC62D25C5D6D600525C9A /* Currency.swift */ = {isa = PBXFileReference; lastKnownFileType = sourcecode.swift; path = Currency.swift; sourceTree = "<group>"; };
		5A55C5EE276F526C00594C83 /* keyword.strings */ = {isa = PBXFileReference; lastKnownFileType = text.plist.strings; name = keyword.strings; path = "screenshots/en-US/keyword.strings"; sourceTree = SOURCE_ROOT; };
		5A55C5F0276F52C600594C83 /* title.strings */ = {isa = PBXFileReference; lastKnownFileType = text.plist.strings; name = title.strings; path = "screenshots/en-US/title.strings"; sourceTree = SOURCE_ROOT; };
		5A5C538E2633F5FB00070869 /* Settings.swift */ = {isa = PBXFileReference; lastKnownFileType = sourcecode.swift; path = Settings.swift; sourceTree = "<group>"; };
		5A8FC612276F1C5100C1B468 /* MasterofFlagsUITests.xctest */ = {isa = PBXFileReference; explicitFileType = wrapper.cfbundle; includeInIndex = 0; path = MasterofFlagsUITests.xctest; sourceTree = BUILT_PRODUCTS_DIR; };
		5A8FC614276F1C5100C1B468 /* MasterofFlagsUITests.swift */ = {isa = PBXFileReference; lastKnownFileType = sourcecode.swift; path = MasterofFlagsUITests.swift; sourceTree = "<group>"; };
		5A8FC61D276F1CB200C1B468 /* SnapshotHelper.swift */ = {isa = PBXFileReference; fileEncoding = 4; lastKnownFileType = sourcecode.swift; name = SnapshotHelper.swift; path = MasterofFlagsUITests/SnapshotHelper.swift; sourceTree = SOURCE_ROOT; };
		5AA44B4A2749169100AB9083 /* FlagGameManager.swift */ = {isa = PBXFileReference; lastKnownFileType = sourcecode.swift; path = FlagGameManager.swift; sourceTree = "<group>"; };
		5AA44B4C27491CDA00AB9083 /* Region.swift */ = {isa = PBXFileReference; lastKnownFileType = sourcecode.swift; path = Region.swift; sourceTree = "<group>"; };
		5AA44B50274940F600AB9083 /* FlagGameHeaderView.swift */ = {isa = PBXFileReference; lastKnownFileType = sourcecode.swift; path = FlagGameHeaderView.swift; sourceTree = "<group>"; };
		5AA44B52274A363D00AB9083 /* Configurable.swift */ = {isa = PBXFileReference; lastKnownFileType = sourcecode.swift; path = Configurable.swift; sourceTree = "<group>"; };
		5AA44B58274A424700AB9083 /* SettingsViewModel.swift */ = {isa = PBXFileReference; lastKnownFileType = sourcecode.swift; path = SettingsViewModel.swift; sourceTree = "<group>"; };
		5AA6895B25C70A6A008E20DB /* ParentalGateView.swift */ = {isa = PBXFileReference; lastKnownFileType = sourcecode.swift; path = ParentalGateView.swift; sourceTree = "<group>"; };
		5AAE71A625C56DD1003F8118 /* HapticEngine.swift */ = {isa = PBXFileReference; lastKnownFileType = sourcecode.swift; path = HapticEngine.swift; sourceTree = "<group>"; };
		5AD6BEB426FF1905009B276F /* Name.swift */ = {isa = PBXFileReference; lastKnownFileType = sourcecode.swift; path = Name.swift; sourceTree = "<group>"; };
		5AD6BEC026FF2E86009B276F /* CountryListVM.swift */ = {isa = PBXFileReference; lastKnownFileType = sourcecode.swift; path = CountryListVM.swift; sourceTree = "<group>"; };
		5AD6BEC426FF3368009B276F /* CountriesList.swift */ = {isa = PBXFileReference; lastKnownFileType = sourcecode.swift; path = CountriesList.swift; sourceTree = "<group>"; };
		5AD6BEC726FF3564009B276F /* CountryRow.swift */ = {isa = PBXFileReference; lastKnownFileType = sourcecode.swift; path = CountryRow.swift; sourceTree = "<group>"; };
		5AD6BEC926FF490E009B276F /* CountryDetail.swift */ = {isa = PBXFileReference; lastKnownFileType = sourcecode.swift; path = CountryDetail.swift; sourceTree = "<group>"; };
		5AD6BECB26FF492F009B276F /* CountryDetailVM.swift */ = {isa = PBXFileReference; lastKnownFileType = sourcecode.swift; path = CountryDetailVM.swift; sourceTree = "<group>"; };
		5ADC6637253AF223001E09B3 /* CountriesManager.swift */ = {isa = PBXFileReference; lastKnownFileType = sourcecode.swift; path = CountriesManager.swift; sourceTree = "<group>"; };
		5ADC663F253AF53C001E09B3 /* Country.swift */ = {isa = PBXFileReference; lastKnownFileType = sourcecode.swift; path = Country.swift; sourceTree = "<group>"; };
		5ADC664C253AF89B001E09B3 /* UIViewExtensions.swift */ = {isa = PBXFileReference; lastKnownFileType = sourcecode.swift; path = UIViewExtensions.swift; sourceTree = "<group>"; };
		5ADC6650253AFAE4001E09B3 /* MainTabBarViewController.swift */ = {isa = PBXFileReference; lastKnownFileType = sourcecode.swift; path = MainTabBarViewController.swift; sourceTree = "<group>"; };
		5ADC665C253B26E4001E09B3 /* LivePreview.swift */ = {isa = PBXFileReference; lastKnownFileType = sourcecode.swift; path = LivePreview.swift; sourceTree = "<group>"; };
		5AEA07A425C547A900DBA23F /* Reusable.swift */ = {isa = PBXFileReference; lastKnownFileType = sourcecode.swift; path = Reusable.swift; sourceTree = "<group>"; };
/* End PBXFileReference section */

/* Begin PBXFrameworksBuildPhase section */
		2CB7C6F02352EC490068ADE2 /* Frameworks */ = {
			isa = PBXFrameworksBuildPhase;
			buildActionMask = 2147483647;
			files = (
				5A0DC2A72814F9E5007F9359 /* SnapKit in Frameworks */,
				5AD6BEB826FF257B009B276F /* Kingfisher in Frameworks */,
				5A55C5ED276F2C4A00594C83 /* Lottie in Frameworks */,
			);
			runOnlyForDeploymentPostprocessing = 0;
		};
		5A8FC60F276F1C5100C1B468 /* Frameworks */ = {
			isa = PBXFrameworksBuildPhase;
			buildActionMask = 2147483647;
			files = (
			);
			runOnlyForDeploymentPostprocessing = 0;
		};
/* End PBXFrameworksBuildPhase section */

/* Begin PBXGroup section */
		2CB7C6EA2352EC490068ADE2 = {
			isa = PBXGroup;
			children = (
				2CB7C6F52352EC490068ADE2 /* GuessTheFlag */,
				5A8FC613276F1C5100C1B468 /* MasterofFlagsUITests */,
				2CB7C6F42352EC490068ADE2 /* Products */,
				5AAE719E25C5650C003F8118 /* Frameworks */,
			);
			sourceTree = "<group>";
		};
		2CB7C6F42352EC490068ADE2 /* Products */ = {
			isa = PBXGroup;
			children = (
				2CB7C6F32352EC490068ADE2 /* Master of Flags.app */,
				5A8FC612276F1C5100C1B468 /* MasterofFlagsUITests.xctest */,
			);
			name = Products;
			sourceTree = "<group>";
		};
		2CB7C6F52352EC490068ADE2 /* GuessTheFlag */ = {
			isa = PBXGroup;
			children = (
				2CB7C6F62352EC490068ADE2 /* AppDelegate.swift */,
				2CB7C6F82352EC490068ADE2 /* SceneDelegate.swift */,
				5ADC6650253AFAE4001E09B3 /* MainTabBarViewController.swift */,
				5ADC6636253AF21B001E09B3 /* API */,
				5A6E9EA12530E0510007C148 /* Flag Game */,
				5AD6BEB926FF27E1009B276F /* Encyclopedia */,
				5A0DC2A22814F72E007F9359 /* Settings */,
				5AB84C1F2700699700FE1608 /* About */,
				5ADC664B253AF88B001E09B3 /* Extensions */,
				5AEA07A325C5479E00DBA23F /* Utilities */,
				5A2CC62525C4CCD500525C9A /* Supporting Files */,
				2CB7C6FC2352EC4B0068ADE2 /* Assets.xcassets */,
				5A1FBFB325C68F6100E3D721 /* coffee.json */,
				5A0B07E42721DEFE00447A13 /* countries.json */,
				2CB7C7012352EC4B0068ADE2 /* LaunchScreen.storyboard */,
				2CB7C7042352EC4B0068ADE2 /* Info.plist */,
				2CB7C6FE2352EC4B0068ADE2 /* Preview Content */,
			);
			path = GuessTheFlag;
			sourceTree = "<group>";
		};
		2CB7C6FE2352EC4B0068ADE2 /* Preview Content */ = {
			isa = PBXGroup;
			children = (
				2CB7C6FF2352EC4B0068ADE2 /* Preview Assets.xcassets */,
			);
			path = "Preview Content";
			sourceTree = "<group>";
		};
		5A0DC2A22814F72E007F9359 /* Settings */ = {
			isa = PBXGroup;
			children = (
				5A0DC2B428150C6A007F9359 /* Models */,
				5A0DC2B528150D17007F9359 /* Views */,
				5A0DC2AD2814FC3C007F9359 /* View Controllers */,
				5A0DC2AE2814FC52007F9359 /* View Models */,
			);
			path = Settings;
			sourceTree = "<group>";
		};
		5A0DC2AD2814FC3C007F9359 /* View Controllers */ = {
			isa = PBXGroup;
			children = (
				5A0DC2A32814F73C007F9359 /* SettingsViewController.swift */,
			);
			path = "View Controllers";
			sourceTree = "<group>";
		};
		5A0DC2AE2814FC52007F9359 /* View Models */ = {
			isa = PBXGroup;
			children = (
				5AA44B58274A424700AB9083 /* SettingsViewModel.swift */,
			);
			path = "View Models";
			sourceTree = "<group>";
		};
		5A0DC2B428150C6A007F9359 /* Models */ = {
			isa = PBXGroup;
			children = (
				5A0DC2B228150806007F9359 /* SettingsItems.swift */,
				5A0DC2A92814FAB9007F9359 /* SettingsSection.swift */,
				5A0DC2AF281506C4007F9359 /* SettingsItem.swift */,
			);
			path = Models;
			sourceTree = "<group>";
		};
		5A0DC2B528150D17007F9359 /* Views */ = {
			isa = PBXGroup;
			children = (
				5A0DC2B628150D2C007F9359 /* SettingsItemBadgeView.swift */,
				5A0DC2BE2815392E007F9359 /* SettingsCell.swift */,
				5A0DC2B828151454007F9359 /* SettingsRegularCell.swift */,
				5A0DC2C028153951007F9359 /* SettingsHardModeCell.swift */,
			);
			path = Views;
			sourceTree = "<group>";
		};
		5A2CC62525C4CCD500525C9A /* Supporting Files */ = {
			isa = PBXGroup;
			children = (
				5A2CC62625C4CCF300525C9A /* Configuration.storekit */,
			);
			path = "Supporting Files";
			sourceTree = "<group>";
		};
		5A6E9EA12530E0510007C148 /* Flag Game */ = {
			isa = PBXGroup;
			children = (
				2C38414223563BB400F56257 /* FlagGameView.swift */,
				5AA44B50274940F600AB9083 /* FlagGameHeaderView.swift */,
				5AA44B4A2749169100AB9083 /* FlagGameManager.swift */,
			);
			path = "Flag Game";
			sourceTree = "<group>";
		};
		5A8FC613276F1C5100C1B468 /* MasterofFlagsUITests */ = {
			isa = PBXGroup;
			children = (
				5A8FC61D276F1CB200C1B468 /* SnapshotHelper.swift */,
				5A8FC614276F1C5100C1B468 /* MasterofFlagsUITests.swift */,
				5A55C5EE276F526C00594C83 /* keyword.strings */,
				5A55C5F0276F52C600594C83 /* title.strings */,
			);
			path = MasterofFlagsUITests;
			sourceTree = "<group>";
		};
		5AAE719E25C5650C003F8118 /* Frameworks */ = {
			isa = PBXGroup;
			children = (
			);
			name = Frameworks;
			sourceTree = "<group>";
		};
		5AB84C1F2700699700FE1608 /* About */ = {
			isa = PBXGroup;
			children = (
				5A2CC62225C4C93A00525C9A /* AboutViewController.swift */,
				5AA6895B25C70A6A008E20DB /* ParentalGateView.swift */,
			);
			path = About;
			sourceTree = "<group>";
		};
		5AD6BEB926FF27E1009B276F /* Encyclopedia */ = {
			isa = PBXGroup;
			children = (
				5AD6BEC226FF3356009B276F /* SwiftUI */,
				5AD6BEBD26FF2928009B276F /* ViewModels */,
			);
			path = Encyclopedia;
			sourceTree = "<group>";
		};
		5AD6BEBD26FF2928009B276F /* ViewModels */ = {
			isa = PBXGroup;
			children = (
				5AD6BEC026FF2E86009B276F /* CountryListVM.swift */,
				5AD6BECB26FF492F009B276F /* CountryDetailVM.swift */,
			);
			path = ViewModels;
			sourceTree = "<group>";
		};
		5AD6BEC226FF3356009B276F /* SwiftUI */ = {
			isa = PBXGroup;
			children = (
				5AD6BEC626FF3558009B276F /* Components */,
				5AD6BEC326FF3359009B276F /* Screens */,
			);
			path = SwiftUI;
			sourceTree = "<group>";
		};
		5AD6BEC326FF3359009B276F /* Screens */ = {
			isa = PBXGroup;
			children = (
				5AD6BEC426FF3368009B276F /* CountriesList.swift */,
				5AD6BEC926FF490E009B276F /* CountryDetail.swift */,
			);
			path = Screens;
			sourceTree = "<group>";
		};
		5AD6BEC626FF3558009B276F /* Components */ = {
			isa = PBXGroup;
			children = (
				5AD6BEC726FF3564009B276F /* CountryRow.swift */,
			);
			path = Components;
			sourceTree = "<group>";
		};
		5ADC6636253AF21B001E09B3 /* API */ = {
			isa = PBXGroup;
			children = (
				5ADC663E253AF536001E09B3 /* Models */,
				5ADC6637253AF223001E09B3 /* CountriesManager.swift */,
			);
			path = API;
			sourceTree = "<group>";
		};
		5ADC663E253AF536001E09B3 /* Models */ = {
			isa = PBXGroup;
			children = (
				5ADC663F253AF53C001E09B3 /* Country.swift */,
				5A2CC62D25C5D6D600525C9A /* Currency.swift */,
				5AD6BEB426FF1905009B276F /* Name.swift */,
				5AA44B4C27491CDA00AB9083 /* Region.swift */,
			);
			path = Models;
			sourceTree = "<group>";
		};
		5ADC664B253AF88B001E09B3 /* Extensions */ = {
			isa = PBXGroup;
			children = (
				5ADC664C253AF89B001E09B3 /* UIViewExtensions.swift */,
				5ADC665C253B26E4001E09B3 /* LivePreview.swift */,
				5A2CC62825C4D01500525C9A /* UIViewControllerExtensions.swift */,
				5A0DC2AB2814FB5A007F9359 /* UICollectionView+Ext.swift */,
			);
			path = Extensions;
			sourceTree = "<group>";
		};
		5AEA07A325C5479E00DBA23F /* Utilities */ = {
			isa = PBXGroup;
			children = (
				5AEA07A425C547A900DBA23F /* Reusable.swift */,
				5AAE71A625C56DD1003F8118 /* HapticEngine.swift */,
				5A5C538E2633F5FB00070869 /* Settings.swift */,
				5A2690C52530B03300C4FC39 /* ViewModifiers.swift */,
				5AA44B52274A363D00AB9083 /* Configurable.swift */,
				5A0DC2BC281533BD007F9359 /* ViewController.swift */,
			);
			path = Utilities;
			sourceTree = "<group>";
		};
/* End PBXGroup section */

/* Begin PBXNativeTarget section */
		2CB7C6F22352EC490068ADE2 /* GuessTheFlag */ = {
			isa = PBXNativeTarget;
			buildConfigurationList = 2CB7C7072352EC4B0068ADE2 /* Build configuration list for PBXNativeTarget "GuessTheFlag" */;
			buildPhases = (
				2CB7C6EF2352EC490068ADE2 /* Sources */,
				2CB7C6F02352EC490068ADE2 /* Frameworks */,
				2CB7C6F12352EC490068ADE2 /* Resources */,
				5AAE71A225C5650C003F8118 /* Embed Frameworks */,
			);
			buildRules = (
			);
			dependencies = (
			);
			name = GuessTheFlag;
			packageProductDependencies = (
				5AD6BEB726FF257B009B276F /* Kingfisher */,
				5A55C5EC276F2C4A00594C83 /* Lottie */,
				5A0DC2A62814F9E5007F9359 /* SnapKit */,
			);
			productName = GuessTheFlag;
			productReference = 2CB7C6F32352EC490068ADE2 /* Master of Flags.app */;
			productType = "com.apple.product-type.application";
		};
		5A8FC611276F1C5100C1B468 /* MasterofFlagsUITests */ = {
			isa = PBXNativeTarget;
			buildConfigurationList = 5A8FC61C276F1C5100C1B468 /* Build configuration list for PBXNativeTarget "MasterofFlagsUITests" */;
			buildPhases = (
				5A8FC60E276F1C5100C1B468 /* Sources */,
				5A8FC60F276F1C5100C1B468 /* Frameworks */,
				5A8FC610276F1C5100C1B468 /* Resources */,
			);
			buildRules = (
			);
			dependencies = (
				5A8FC619276F1C5100C1B468 /* PBXTargetDependency */,
			);
			name = MasterofFlagsUITests;
			productName = MasterofFlagsUITests;
			productReference = 5A8FC612276F1C5100C1B468 /* MasterofFlagsUITests.xctest */;
			productType = "com.apple.product-type.bundle.ui-testing";
		};
/* End PBXNativeTarget section */

/* Begin PBXProject section */
		2CB7C6EB2352EC490068ADE2 /* Project object */ = {
			isa = PBXProject;
			attributes = {
				LastSwiftUpdateCheck = 1320;
				LastUpgradeCheck = 1200;
				ORGANIZATIONNAME = "Marcus Ziadé";
				TargetAttributes = {
					2CB7C6F22352EC490068ADE2 = {
						CreatedOnToolsVersion = 11.1;
					};
					5A8FC611276F1C5100C1B468 = {
						CreatedOnToolsVersion = 13.2.1;
						TestTargetID = 2CB7C6F22352EC490068ADE2;
					};
				};
			};
			buildConfigurationList = 2CB7C6EE2352EC490068ADE2 /* Build configuration list for PBXProject "GuessTheFlag" */;
			compatibilityVersion = "Xcode 9.3";
			developmentRegion = en;
			hasScannedForEncodings = 0;
			knownRegions = (
				en,
				Base,
			);
			mainGroup = 2CB7C6EA2352EC490068ADE2;
			packageReferences = (
				5AD6BEB626FF257B009B276F /* XCRemoteSwiftPackageReference "Kingfisher" */,
				5A55C5EB276F2C4A00594C83 /* XCRemoteSwiftPackageReference "lottie-ios" */,
				5A0DC2A52814F9E5007F9359 /* XCRemoteSwiftPackageReference "SnapKit" */,
			);
			productRefGroup = 2CB7C6F42352EC490068ADE2 /* Products */;
			projectDirPath = "";
			projectRoot = "";
			targets = (
				2CB7C6F22352EC490068ADE2 /* GuessTheFlag */,
				5A8FC611276F1C5100C1B468 /* MasterofFlagsUITests */,
			);
		};
/* End PBXProject section */

/* Begin PBXResourcesBuildPhase section */
		2CB7C6F12352EC490068ADE2 /* Resources */ = {
			isa = PBXResourcesBuildPhase;
			buildActionMask = 2147483647;
			files = (
				2CB7C7032352EC4B0068ADE2 /* LaunchScreen.storyboard in Resources */,
				2CB7C7002352EC4B0068ADE2 /* Preview Assets.xcassets in Resources */,
				2CB7C6FD2352EC4B0068ADE2 /* Assets.xcassets in Resources */,
				5A0B07E52721DEFE00447A13 /* countries.json in Resources */,
				5A1FBFB425C68F6100E3D721 /* coffee.json in Resources */,
			);
			runOnlyForDeploymentPostprocessing = 0;
		};
		5A8FC610276F1C5100C1B468 /* Resources */ = {
			isa = PBXResourcesBuildPhase;
			buildActionMask = 2147483647;
			files = (
				5A55C5EF276F526C00594C83 /* keyword.strings in Resources */,
				5A55C5F1276F52C600594C83 /* title.strings in Resources */,
			);
			runOnlyForDeploymentPostprocessing = 0;
		};
/* End PBXResourcesBuildPhase section */

/* Begin PBXSourcesBuildPhase section */
		2CB7C6EF2352EC490068ADE2 /* Sources */ = {
			isa = PBXSourcesBuildPhase;
			buildActionMask = 2147483647;
			files = (
				2CB7C6F72352EC490068ADE2 /* AppDelegate.swift in Sources */,
				5AD6BEC526FF3368009B276F /* CountriesList.swift in Sources */,
				5AA44B4D27491CDA00AB9083 /* Region.swift in Sources */,
				5ADC664D253AF89B001E09B3 /* UIViewExtensions.swift in Sources */,
				5A2CC62E25C5D6D600525C9A /* Currency.swift in Sources */,
				5AA44B53274A363D00AB9083 /* Configurable.swift in Sources */,
				5A0DC2B328150806007F9359 /* SettingsItems.swift in Sources */,
				5AA6895C25C70A6A008E20DB /* ParentalGateView.swift in Sources */,
				5AD6BECC26FF492F009B276F /* CountryDetailVM.swift in Sources */,
				5A0DC2C128153951007F9359 /* SettingsHardModeCell.swift in Sources */,
				2CB7C6F92352EC490068ADE2 /* SceneDelegate.swift in Sources */,
				5AD6BEC826FF3564009B276F /* CountryRow.swift in Sources */,
				5A0DC2AA2814FAB9007F9359 /* SettingsSection.swift in Sources */,
				2C38414323563BB400F56257 /* FlagGameView.swift in Sources */,
				5A0DC2B728150D2C007F9359 /* SettingsItemBadgeView.swift in Sources */,
				5AEA07A525C547A900DBA23F /* Reusable.swift in Sources */,
				5A0DC2BF2815392E007F9359 /* SettingsCell.swift in Sources */,
				5A0DC2B0281506C4007F9359 /* SettingsItem.swift in Sources */,
				5AA44B51274940F700AB9083 /* FlagGameHeaderView.swift in Sources */,
				5AA44B4B2749169100AB9083 /* FlagGameManager.swift in Sources */,
				5A0DC2BD281533BD007F9359 /* ViewController.swift in Sources */,
				5ADC6651253AFAE4001E09B3 /* MainTabBarViewController.swift in Sources */,
				5AA44B59274A424700AB9083 /* SettingsViewModel.swift in Sources */,
				5A2CC62925C4D01500525C9A /* UIViewControllerExtensions.swift in Sources */,
				5AAE71A725C56DD1003F8118 /* HapticEngine.swift in Sources */,
				5ADC6638253AF223001E09B3 /* CountriesManager.swift in Sources */,
				5AD6BECA26FF490E009B276F /* CountryDetail.swift in Sources */,
				5A0DC2AC2814FB5A007F9359 /* UICollectionView+Ext.swift in Sources */,
				5AD6BEB526FF1905009B276F /* Name.swift in Sources */,
				5A0DC2A42814F73C007F9359 /* SettingsViewController.swift in Sources */,
				5A2690C62530B03300C4FC39 /* ViewModifiers.swift in Sources */,
				5ADC6640253AF53C001E09B3 /* Country.swift in Sources */,
				5ADC665D253B26E4001E09B3 /* LivePreview.swift in Sources */,
				5A2CC62325C4C93A00525C9A /* AboutViewController.swift in Sources */,
				5A0DC2B928151454007F9359 /* SettingsRegularCell.swift in Sources */,
				5AD6BEC126FF2E86009B276F /* CountryListVM.swift in Sources */,
				5A5C538F2633F5FB00070869 /* Settings.swift in Sources */,
			);
			runOnlyForDeploymentPostprocessing = 0;
		};
		5A8FC60E276F1C5100C1B468 /* Sources */ = {
			isa = PBXSourcesBuildPhase;
			buildActionMask = 2147483647;
			files = (
				5A8FC615276F1C5100C1B468 /* MasterofFlagsUITests.swift in Sources */,
				5A8FC61E276F1CB200C1B468 /* SnapshotHelper.swift in Sources */,
			);
			runOnlyForDeploymentPostprocessing = 0;
		};
/* End PBXSourcesBuildPhase section */

/* Begin PBXTargetDependency section */
		5A8FC619276F1C5100C1B468 /* PBXTargetDependency */ = {
			isa = PBXTargetDependency;
			target = 2CB7C6F22352EC490068ADE2 /* GuessTheFlag */;
			targetProxy = 5A8FC618276F1C5100C1B468 /* PBXContainerItemProxy */;
		};
/* End PBXTargetDependency section */

/* Begin PBXVariantGroup section */
		2CB7C7012352EC4B0068ADE2 /* LaunchScreen.storyboard */ = {
			isa = PBXVariantGroup;
			children = (
				2CB7C7022352EC4B0068ADE2 /* Base */,
			);
			name = LaunchScreen.storyboard;
			sourceTree = "<group>";
		};
/* End PBXVariantGroup section */

/* Begin XCBuildConfiguration section */
		2CB7C7052352EC4B0068ADE2 /* Debug */ = {
			isa = XCBuildConfiguration;
			buildSettings = {
				ALWAYS_SEARCH_USER_PATHS = NO;
				CLANG_ANALYZER_NONNULL = YES;
				CLANG_ANALYZER_NUMBER_OBJECT_CONVERSION = YES_AGGRESSIVE;
				CLANG_CXX_LANGUAGE_STANDARD = "gnu++14";
				CLANG_CXX_LIBRARY = "libc++";
				CLANG_ENABLE_MODULES = YES;
				CLANG_ENABLE_OBJC_ARC = YES;
				CLANG_ENABLE_OBJC_WEAK = YES;
				CLANG_WARN_BLOCK_CAPTURE_AUTORELEASING = YES;
				CLANG_WARN_BOOL_CONVERSION = YES;
				CLANG_WARN_COMMA = YES;
				CLANG_WARN_CONSTANT_CONVERSION = YES;
				CLANG_WARN_DEPRECATED_OBJC_IMPLEMENTATIONS = YES;
				CLANG_WARN_DIRECT_OBJC_ISA_USAGE = YES_ERROR;
				CLANG_WARN_DOCUMENTATION_COMMENTS = YES;
				CLANG_WARN_EMPTY_BODY = YES;
				CLANG_WARN_ENUM_CONVERSION = YES;
				CLANG_WARN_INFINITE_RECURSION = YES;
				CLANG_WARN_INT_CONVERSION = YES;
				CLANG_WARN_NON_LITERAL_NULL_CONVERSION = YES;
				CLANG_WARN_OBJC_IMPLICIT_RETAIN_SELF = YES;
				CLANG_WARN_OBJC_LITERAL_CONVERSION = YES;
				CLANG_WARN_OBJC_ROOT_CLASS = YES_ERROR;
				CLANG_WARN_QUOTED_INCLUDE_IN_FRAMEWORK_HEADER = YES;
				CLANG_WARN_RANGE_LOOP_ANALYSIS = YES;
				CLANG_WARN_STRICT_PROTOTYPES = YES;
				CLANG_WARN_SUSPICIOUS_MOVE = YES;
				CLANG_WARN_UNGUARDED_AVAILABILITY = YES_AGGRESSIVE;
				CLANG_WARN_UNREACHABLE_CODE = YES;
				CLANG_WARN__DUPLICATE_METHOD_MATCH = YES;
				COPY_PHASE_STRIP = NO;
				DEBUG_INFORMATION_FORMAT = dwarf;
				ENABLE_STRICT_OBJC_MSGSEND = YES;
				ENABLE_TESTABILITY = YES;
				GCC_C_LANGUAGE_STANDARD = gnu11;
				GCC_DYNAMIC_NO_PIC = NO;
				GCC_NO_COMMON_BLOCKS = YES;
				GCC_OPTIMIZATION_LEVEL = 0;
				GCC_PREPROCESSOR_DEFINITIONS = (
					"DEBUG=1",
					"$(inherited)",
				);
				GCC_WARN_64_TO_32_BIT_CONVERSION = YES;
				GCC_WARN_ABOUT_RETURN_TYPE = YES_ERROR;
				GCC_WARN_UNDECLARED_SELECTOR = YES;
				GCC_WARN_UNINITIALIZED_AUTOS = YES_AGGRESSIVE;
				GCC_WARN_UNUSED_FUNCTION = YES;
				GCC_WARN_UNUSED_VARIABLE = YES;
				IPHONEOS_DEPLOYMENT_TARGET = 15.0;
				MTL_ENABLE_DEBUG_INFO = INCLUDE_SOURCE;
				MTL_FAST_MATH = YES;
				ONLY_ACTIVE_ARCH = YES;
				SDKROOT = iphoneos;
				SWIFT_ACTIVE_COMPILATION_CONDITIONS = DEBUG;
				SWIFT_OPTIMIZATION_LEVEL = "-Onone";
			};
			name = Debug;
		};
		2CB7C7062352EC4B0068ADE2 /* Release */ = {
			isa = XCBuildConfiguration;
			buildSettings = {
				ALWAYS_SEARCH_USER_PATHS = NO;
				CLANG_ANALYZER_NONNULL = YES;
				CLANG_ANALYZER_NUMBER_OBJECT_CONVERSION = YES_AGGRESSIVE;
				CLANG_CXX_LANGUAGE_STANDARD = "gnu++14";
				CLANG_CXX_LIBRARY = "libc++";
				CLANG_ENABLE_MODULES = YES;
				CLANG_ENABLE_OBJC_ARC = YES;
				CLANG_ENABLE_OBJC_WEAK = YES;
				CLANG_WARN_BLOCK_CAPTURE_AUTORELEASING = YES;
				CLANG_WARN_BOOL_CONVERSION = YES;
				CLANG_WARN_COMMA = YES;
				CLANG_WARN_CONSTANT_CONVERSION = YES;
				CLANG_WARN_DEPRECATED_OBJC_IMPLEMENTATIONS = YES;
				CLANG_WARN_DIRECT_OBJC_ISA_USAGE = YES_ERROR;
				CLANG_WARN_DOCUMENTATION_COMMENTS = YES;
				CLANG_WARN_EMPTY_BODY = YES;
				CLANG_WARN_ENUM_CONVERSION = YES;
				CLANG_WARN_INFINITE_RECURSION = YES;
				CLANG_WARN_INT_CONVERSION = YES;
				CLANG_WARN_NON_LITERAL_NULL_CONVERSION = YES;
				CLANG_WARN_OBJC_IMPLICIT_RETAIN_SELF = YES;
				CLANG_WARN_OBJC_LITERAL_CONVERSION = YES;
				CLANG_WARN_OBJC_ROOT_CLASS = YES_ERROR;
				CLANG_WARN_QUOTED_INCLUDE_IN_FRAMEWORK_HEADER = YES;
				CLANG_WARN_RANGE_LOOP_ANALYSIS = YES;
				CLANG_WARN_STRICT_PROTOTYPES = YES;
				CLANG_WARN_SUSPICIOUS_MOVE = YES;
				CLANG_WARN_UNGUARDED_AVAILABILITY = YES_AGGRESSIVE;
				CLANG_WARN_UNREACHABLE_CODE = YES;
				CLANG_WARN__DUPLICATE_METHOD_MATCH = YES;
				COPY_PHASE_STRIP = NO;
				DEBUG_INFORMATION_FORMAT = "dwarf-with-dsym";
				ENABLE_NS_ASSERTIONS = NO;
				ENABLE_STRICT_OBJC_MSGSEND = YES;
				GCC_C_LANGUAGE_STANDARD = gnu11;
				GCC_NO_COMMON_BLOCKS = YES;
				GCC_WARN_64_TO_32_BIT_CONVERSION = YES;
				GCC_WARN_ABOUT_RETURN_TYPE = YES_ERROR;
				GCC_WARN_UNDECLARED_SELECTOR = YES;
				GCC_WARN_UNINITIALIZED_AUTOS = YES_AGGRESSIVE;
				GCC_WARN_UNUSED_FUNCTION = YES;
				GCC_WARN_UNUSED_VARIABLE = YES;
				IPHONEOS_DEPLOYMENT_TARGET = 15.0;
				MTL_ENABLE_DEBUG_INFO = NO;
				MTL_FAST_MATH = YES;
				SDKROOT = iphoneos;
				SWIFT_COMPILATION_MODE = wholemodule;
				SWIFT_OPTIMIZATION_LEVEL = "-O";
				VALIDATE_PRODUCT = YES;
			};
			name = Release;
		};
		2CB7C7082352EC4B0068ADE2 /* Debug */ = {
			isa = XCBuildConfiguration;
			buildSettings = {
				ASSETCATALOG_COMPILER_APPICON_NAME = AppIcon;
				CODE_SIGN_STYLE = Automatic;
				CURRENT_PROJECT_VERSION = 1;
				DEVELOPMENT_ASSET_PATHS = "\"GuessTheFlag/Preview Content\"";
				DEVELOPMENT_TEAM = P4DQK6SRKR;
				ENABLE_PREVIEWS = YES;
				INFOPLIST_FILE = GuessTheFlag/Info.plist;
				IPHONEOS_DEPLOYMENT_TARGET = 15.0;
				LD_RUNPATH_SEARCH_PATHS = (
					"$(inherited)",
					"@executable_path/Frameworks",
				);
				MARKETING_VERSION = 2.1.5;
				PRODUCT_BUNDLE_IDENTIFIER = com.marcusziade.knowtheflag;
				PRODUCT_NAME = "Master of Flags";
				SWIFT_VERSION = 5.0;
				TARGETED_DEVICE_FAMILY = "1,2";
			};
			name = Debug;
		};
		2CB7C7092352EC4B0068ADE2 /* Release */ = {
			isa = XCBuildConfiguration;
			buildSettings = {
				ASSETCATALOG_COMPILER_APPICON_NAME = AppIcon;
				CODE_SIGN_STYLE = Automatic;
				CURRENT_PROJECT_VERSION = 1;
				DEVELOPMENT_ASSET_PATHS = "\"GuessTheFlag/Preview Content\"";
				DEVELOPMENT_TEAM = P4DQK6SRKR;
				ENABLE_PREVIEWS = YES;
				INFOPLIST_FILE = GuessTheFlag/Info.plist;
				IPHONEOS_DEPLOYMENT_TARGET = 15.0;
				LD_RUNPATH_SEARCH_PATHS = (
					"$(inherited)",
					"@executable_path/Frameworks",
				);
				MARKETING_VERSION = 2.1.5;
				PRODUCT_BUNDLE_IDENTIFIER = com.marcusziade.knowtheflag;
				PRODUCT_NAME = "Master of Flags";
				SWIFT_VERSION = 5.0;
				TARGETED_DEVICE_FAMILY = "1,2";
			};
			name = Release;
		};
		5A8FC61A276F1C5100C1B468 /* Debug */ = {
			isa = XCBuildConfiguration;
			buildSettings = {
				CLANG_CXX_LANGUAGE_STANDARD = "gnu++17";
				CODE_SIGN_STYLE = Automatic;
				CURRENT_PROJECT_VERSION = 1;
				DEVELOPMENT_TEAM = P4DQK6SRKR;
				GENERATE_INFOPLIST_FILE = YES;
				IPHONEOS_DEPLOYMENT_TARGET = 15.2;
				MARKETING_VERSION = 1.0;
				PRODUCT_BUNDLE_IDENTIFIER = com.marcusziade.MasterofFlagsUITests;
				PRODUCT_NAME = "$(TARGET_NAME)";
				SWIFT_EMIT_LOC_STRINGS = NO;
				SWIFT_VERSION = 5.0;
				TARGETED_DEVICE_FAMILY = "1,2";
				TEST_TARGET_NAME = GuessTheFlag;
			};
			name = Debug;
		};
		5A8FC61B276F1C5100C1B468 /* Release */ = {
			isa = XCBuildConfiguration;
			buildSettings = {
				CLANG_CXX_LANGUAGE_STANDARD = "gnu++17";
				CODE_SIGN_STYLE = Automatic;
				CURRENT_PROJECT_VERSION = 1;
				DEVELOPMENT_TEAM = P4DQK6SRKR;
				GENERATE_INFOPLIST_FILE = YES;
				IPHONEOS_DEPLOYMENT_TARGET = 15.2;
				MARKETING_VERSION = 1.0;
				PRODUCT_BUNDLE_IDENTIFIER = com.marcusziade.MasterofFlagsUITests;
				PRODUCT_NAME = "$(TARGET_NAME)";
				SWIFT_EMIT_LOC_STRINGS = NO;
				SWIFT_VERSION = 5.0;
				TARGETED_DEVICE_FAMILY = "1,2";
				TEST_TARGET_NAME = GuessTheFlag;
			};
			name = Release;
		};
/* End XCBuildConfiguration section */

/* Begin XCConfigurationList section */
		2CB7C6EE2352EC490068ADE2 /* Build configuration list for PBXProject "GuessTheFlag" */ = {
			isa = XCConfigurationList;
			buildConfigurations = (
				2CB7C7052352EC4B0068ADE2 /* Debug */,
				2CB7C7062352EC4B0068ADE2 /* Release */,
			);
			defaultConfigurationIsVisible = 0;
			defaultConfigurationName = Release;
		};
		2CB7C7072352EC4B0068ADE2 /* Build configuration list for PBXNativeTarget "GuessTheFlag" */ = {
			isa = XCConfigurationList;
			buildConfigurations = (
				2CB7C7082352EC4B0068ADE2 /* Debug */,
				2CB7C7092352EC4B0068ADE2 /* Release */,
			);
			defaultConfigurationIsVisible = 0;
			defaultConfigurationName = Release;
		};
		5A8FC61C276F1C5100C1B468 /* Build configuration list for PBXNativeTarget "MasterofFlagsUITests" */ = {
			isa = XCConfigurationList;
			buildConfigurations = (
				5A8FC61A276F1C5100C1B468 /* Debug */,
				5A8FC61B276F1C5100C1B468 /* Release */,
			);
			defaultConfigurationIsVisible = 0;
			defaultConfigurationName = Release;
		};
/* End XCConfigurationList section */

/* Begin XCRemoteSwiftPackageReference section */
		5A0DC2A52814F9E5007F9359 /* XCRemoteSwiftPackageReference "SnapKit" */ = {
			isa = XCRemoteSwiftPackageReference;
			repositoryURL = "https://github.com/SnapKit/SnapKit.git";
			requirement = {
				branch = develop;
				kind = branch;
			};
		};
		5A55C5EB276F2C4A00594C83 /* XCRemoteSwiftPackageReference "lottie-ios" */ = {
			isa = XCRemoteSwiftPackageReference;
			repositoryURL = "git@github.com:airbnb/lottie-ios.git";
			requirement = {
				branch = master;
				kind = branch;
			};
		};
		5AD6BEB626FF257B009B276F /* XCRemoteSwiftPackageReference "Kingfisher" */ = {
			isa = XCRemoteSwiftPackageReference;
			repositoryURL = "https://github.com/onevcat/Kingfisher.git";
			requirement = {
				branch = master;
				kind = branch;
			};
		};
/* End XCRemoteSwiftPackageReference section */

/* Begin XCSwiftPackageProductDependency section */
		5A0DC2A62814F9E5007F9359 /* SnapKit */ = {
			isa = XCSwiftPackageProductDependency;
			package = 5A0DC2A52814F9E5007F9359 /* XCRemoteSwiftPackageReference "SnapKit" */;
			productName = SnapKit;
		};
		5A55C5EC276F2C4A00594C83 /* Lottie */ = {
			isa = XCSwiftPackageProductDependency;
			package = 5A55C5EB276F2C4A00594C83 /* XCRemoteSwiftPackageReference "lottie-ios" */;
			productName = Lottie;
		};
		5AD6BEB726FF257B009B276F /* Kingfisher */ = {
			isa = XCSwiftPackageProductDependency;
			package = 5AD6BEB626FF257B009B276F /* XCRemoteSwiftPackageReference "Kingfisher" */;
			productName = Kingfisher;
		};
/* End XCSwiftPackageProductDependency section */
	};
	rootObject = 2CB7C6EB2352EC490068ADE2 /* Project object */;
}
