{
  "object": {
    "pins": [
      {
        "package": "Kingfisher",
        "repositoryURL": "https://github.com/onevcat/Kingfisher.git",
        "state": {
          "branch": null,
          "revision": "8c65ddf756c633d01d9ae01092bf72f0c66dfc60",
          "version": "7.0.0"
        }
      },
      {
        "package": "Lottie",
        "repositoryURL": "git@github.com:airbnb/lottie-ios.git",
        "state": {
          "branch": "master",
          "revision": "5126a4bf1ced3c3445457a1dbcce297a1cf2fab5",
          "version": null
        }
      }
    ]
  },
  "version": 1
}
